PODS:
  - iOSSnapshotTestCase (6.1.0):
    - iOSSnapshotTestCase/SwiftSupport (= 6.1.0)
  - iOSSnapshotTestCase/Core (6.1.0)
  - iOSSnapshotTestCase/SwiftSupport (6.1.0):
    - iOSSnapshotTestCase/Core
  - Keys (1.0.1)
  - Kingfisher (5.7.0)

DEPENDENCIES:
  - iOSSnapshotTestCase
  - Keys (from `Pods/CocoaPodsKeys`)
  - Kingfisher (~> 5.0)

SPEC REPOS:
  https://github.com/CocoaPods/Specs.git:
    - iOSSnapshotTestCase
    - Kingfisher

EXTERNAL SOURCES:
  Keys:
    :path: Pods/CocoaPodsKeys

SPEC CHECKSUMS:
  iOSSnapshotTestCase: 30d540b0c8feb9d7f8ff97acc25a3804b48ee264
  Keys: a576f4c9c1c641ca913a959a9c62ed3f215a8de9
  Kingfisher: c7d211b54f1f30d8060aadab177d52b4349c825b

PODFILE CHECKSUM: 2f72057c80e58000bc109f84b7ea66b94f27b69b

COCOAPODS: 1.9.2
