// !$*UTF8*$!
{
	archiveVersion = 1;
	classes = {
	};
	objectVersion = 50;
	objects = {

/* Begin PBXBuildFile section */
		59010E1D247141640017A2C6 /* URL+Extension.swift in Sources */ = {isa = PBXBuildFile; fileRef = 59010E1C247141640017A2C6 /* URL+Extension.swift */; };
		59E85453246D2E3500BECCB0 /* AppDelegate.swift in Sources */ = {isa = PBXBuildFile; fileRef = 59E85452246D2E3500BECCB0 /* AppDelegate.swift */; };
		59E85455246D2E3500BECCB0 /* SceneDelegate.swift in Sources */ = {isa = PBXBuildFile; fileRef = 59E85454246D2E3500BECCB0 /* SceneDelegate.swift */; };
		59E85457246D2E3500BECCB0 /* ViewController.swift in Sources */ = {isa = PBXBuildFile; fileRef = 59E85456246D2E3500BECCB0 /* ViewController.swift */; };
		59E8545A246D2E3500BECCB0 /* Main.storyboard in Resources */ = {isa = PBXBuildFile; fileRef = 59E85458246D2E3500BECCB0 /* Main.storyboard */; };
		59E8545C246D2E3500BECCB0 /* Assets.xcassets in Resources */ = {isa = PBXBuildFile; fileRef = 59E8545B246D2E3500BECCB0 /* Assets.xcassets */; };
		59E8545F246D2E3500BECCB0 /* LaunchScreen.storyboard in Resources */ = {isa = PBXBuildFile; fileRef = 59E8545D246D2E3500BECCB0 /* LaunchScreen.storyboard */; };
		59E8546D246D354500BECCB0 /* CharacterDescriptionViewController.swift in Sources */ = {isa = PBXBuildFile; fileRef = 59E8546C246D354500BECCB0 /* CharacterDescriptionViewController.swift */; };
		59E8546F246D368200BECCB0 /* CharacterTableViewCell.swift in Sources */ = {isa = PBXBuildFile; fileRef = 59E8546E246D368200BECCB0 /* CharacterTableViewCell.swift */; };
		59E85471246D37F900BECCB0 /* PagedCharacterResponse.swift in Sources */ = {isa = PBXBuildFile; fileRef = 59E85470246D37F900BECCB0 /* PagedCharacterResponse.swift */; };
		59E85473246D383900BECCB0 /* DataClass.swift in Sources */ = {isa = PBXBuildFile; fileRef = 59E85472246D383900BECCB0 /* DataClass.swift */; };
		59E85475246D387200BECCB0 /* Result.swift in Sources */ = {isa = PBXBuildFile; fileRef = 59E85474246D387200BECCB0 /* Result.swift */; };
		59E85477246D38A200BECCB0 /* Comics.swift in Sources */ = {isa = PBXBuildFile; fileRef = 59E85476246D38A200BECCB0 /* Comics.swift */; };
		59E85479246D38E600BECCB0 /* Stories.swift in Sources */ = {isa = PBXBuildFile; fileRef = 59E85478246D38E600BECCB0 /* Stories.swift */; };
		59E8547B246D390000BECCB0 /* StoriesItem.swift in Sources */ = {isa = PBXBuildFile; fileRef = 59E8547A246D390000BECCB0 /* StoriesItem.swift */; };
		59E8547D246D392000BECCB0 /* Thumbnail.swift in Sources */ = {isa = PBXBuildFile; fileRef = 59E8547C246D392000BECCB0 /* Thumbnail.swift */; };
		59E8547F246D394D00BECCB0 /* URLElement.swift in Sources */ = {isa = PBXBuildFile; fileRef = 59E8547E246D394D00BECCB0 /* URLElement.swift */; };
		59E85481246D398300BECCB0 /* ComicsItem.swift in Sources */ = {isa = PBXBuildFile; fileRef = 59E85480246D398300BECCB0 /* ComicsItem.swift */; };
		59E85484246D3A4400BECCB0 /* NetworkResult.swift in Sources */ = {isa = PBXBuildFile; fileRef = 59E85483246D3A4400BECCB0 /* NetworkResult.swift */; };
		59E85486246D3A7900BECCB0 /* NetworkResponseError.swift in Sources */ = {isa = PBXBuildFile; fileRef = 59E85485246D3A7900BECCB0 /* NetworkResponseError.swift */; };
		59E85488246D4F0A00BECCB0 /* EndPoint.swift in Sources */ = {isa = PBXBuildFile; fileRef = 59E85487246D4F0A00BECCB0 /* EndPoint.swift */; };
		59E8548A246D4F5900BECCB0 /* Sorting.swift in Sources */ = {isa = PBXBuildFile; fileRef = 59E85489246D4F5900BECCB0 /* Sorting.swift */; };
		59E8548D246D50C900BECCB0 /* ApiConstant.swift in Sources */ = {isa = PBXBuildFile; fileRef = 59E8548C246D50C900BECCB0 /* ApiConstant.swift */; };
		59E85492246D527200BECCB0 /* String+Extensions.swift in Sources */ = {isa = PBXBuildFile; fileRef = 59E85491246D527200BECCB0 /* String+Extensions.swift */; };
		59E85494246D566B00BECCB0 /* MarvelRestClient.swift in Sources */ = {isa = PBXBuildFile; fileRef = 59E85493246D566B00BECCB0 /* MarvelRestClient.swift */; };
		59E85498246D5BE500BECCB0 /* HTTPURLResponse+Extensions.swift in Sources */ = {isa = PBXBuildFile; fileRef = 59E85497246D5BE500BECCB0 /* HTTPURLResponse+Extensions.swift */; };
		59E8549A246D5CAB00BECCB0 /* DateFormater+Extension.swift in Sources */ = {isa = PBXBuildFile; fileRef = 59E85499246D5CAB00BECCB0 /* DateFormater+Extension.swift */; };
		59E8549E246D664B00BECCB0 /* ShowAlert.swift in Sources */ = {isa = PBXBuildFile; fileRef = 59E8549D246D664B00BECCB0 /* ShowAlert.swift */; };
		59E854A0246D671B00BECCB0 /* ImageLoader.swift in Sources */ = {isa = PBXBuildFile; fileRef = 59E8549F246D671B00BECCB0 /* ImageLoader.swift */; };
		59E854A2246D680200BECCB0 /* UIImageLoader.swift in Sources */ = {isa = PBXBuildFile; fileRef = 59E854A1246D680200BECCB0 /* UIImageLoader.swift */; };
		59E854A4246D685D00BECCB0 /* ImageView+Extension.swift in Sources */ = {isa = PBXBuildFile; fileRef = 59E854A3246D685D00BECCB0 /* ImageView+Extension.swift */; };
		59E854A6246D68CB00BECCB0 /* CharactersViewModel.swift in Sources */ = {isa = PBXBuildFile; fileRef = 59E854A5246D68CB00BECCB0 /* CharactersViewModel.swift */; };
		59E854AC246D725E00BECCB0 /* WallapopTheme.swift in Sources */ = {isa = PBXBuildFile; fileRef = 59E854AB246D725E00BECCB0 /* WallapopTheme.swift */; };
		59E854B0246D75BE00BECCB0 /* CharactersViewController.swift in Sources */ = {isa = PBXBuildFile; fileRef = 59E854AF246D75BE00BECCB0 /* CharactersViewController.swift */; };
/* End PBXBuildFile section */

/* Begin PBXFileReference section */
		59010E1C247141640017A2C6 /* URL+Extension.swift */ = {isa = PBXFileReference; lastKnownFileType = sourcecode.swift; path = "URL+Extension.swift"; sourceTree = "<group>"; };
		59E8544F246D2E3500BECCB0 /* SuperHeroes.app */ = {isa = PBXFileReference; explicitFileType = wrapper.application; includeInIndex = 0; path = SuperHeroes.app; sourceTree = BUILT_PRODUCTS_DIR; };
		59E85452246D2E3500BECCB0 /* AppDelegate.swift */ = {isa = PBXFileReference; lastKnownFileType = sourcecode.swift; path = AppDelegate.swift; sourceTree = "<group>"; };
		59E85454246D2E3500BECCB0 /* SceneDelegate.swift */ = {isa = PBXFileReference; lastKnownFileType = sourcecode.swift; path = SceneDelegate.swift; sourceTree = "<group>"; };
		59E85456246D2E3500BECCB0 /* ViewController.swift */ = {isa = PBXFileReference; lastKnownFileType = sourcecode.swift; path = ViewController.swift; sourceTree = "<group>"; };
		59E85459246D2E3500BECCB0 /* Base */ = {isa = PBXFileReference; lastKnownFileType = file.storyboard; name = Base; path = Base.lproj/Main.storyboard; sourceTree = "<group>"; };
		59E8545B246D2E3500BECCB0 /* Assets.xcassets */ = {isa = PBXFileReference; lastKnownFileType = folder.assetcatalog; path = Assets.xcassets; sourceTree = "<group>"; };
		59E8545E246D2E3500BECCB0 /* Base */ = {isa = PBXFileReference; lastKnownFileType = file.storyboard; name = Base; path = Base.lproj/LaunchScreen.storyboard; sourceTree = "<group>"; };
		59E85460246D2E3500BECCB0 /* Info.plist */ = {isa = PBXFileReference; lastKnownFileType = text.plist.xml; path = Info.plist; sourceTree = "<group>"; };
		59E8546C246D354500BECCB0 /* CharacterDescriptionViewController.swift */ = {isa = PBXFileReference; lastKnownFileType = sourcecode.swift; path = CharacterDescriptionViewController.swift; sourceTree = "<group>"; };
		59E8546E246D368200BECCB0 /* CharacterTableViewCell.swift */ = {isa = PBXFileReference; lastKnownFileType = sourcecode.swift; path = CharacterTableViewCell.swift; sourceTree = "<group>"; };
		59E85470246D37F900BECCB0 /* PagedCharacterResponse.swift */ = {isa = PBXFileReference; lastKnownFileType = sourcecode.swift; path = PagedCharacterResponse.swift; sourceTree = "<group>"; };
		59E85472246D383900BECCB0 /* DataClass.swift */ = {isa = PBXFileReference; lastKnownFileType = sourcecode.swift; path = DataClass.swift; sourceTree = "<group>"; };
		59E85474246D387200BECCB0 /* Result.swift */ = {isa = PBXFileReference; lastKnownFileType = sourcecode.swift; path = Result.swift; sourceTree = "<group>"; };
		59E85476246D38A200BECCB0 /* Comics.swift */ = {isa = PBXFileReference; lastKnownFileType = sourcecode.swift; path = Comics.swift; sourceTree = "<group>"; };
		59E85478246D38E600BECCB0 /* Stories.swift */ = {isa = PBXFileReference; lastKnownFileType = sourcecode.swift; path = Stories.swift; sourceTree = "<group>"; };
		59E8547A246D390000BECCB0 /* StoriesItem.swift */ = {isa = PBXFileReference; lastKnownFileType = sourcecode.swift; path = StoriesItem.swift; sourceTree = "<group>"; };
		59E8547C246D392000BECCB0 /* Thumbnail.swift */ = {isa = PBXFileReference; lastKnownFileType = sourcecode.swift; path = Thumbnail.swift; sourceTree = "<group>"; };
		59E8547E246D394D00BECCB0 /* URLElement.swift */ = {isa = PBXFileReference; lastKnownFileType = sourcecode.swift; path = URLElement.swift; sourceTree = "<group>"; };
		59E85480246D398300BECCB0 /* ComicsItem.swift */ = {isa = PBXFileReference; lastKnownFileType = sourcecode.swift; path = ComicsItem.swift; sourceTree = "<group>"; };
		59E85483246D3A4400BECCB0 /* NetworkResult.swift */ = {isa = PBXFileReference; lastKnownFileType = sourcecode.swift; path = NetworkResult.swift; sourceTree = "<group>"; };
		59E85485246D3A7900BECCB0 /* NetworkResponseError.swift */ = {isa = PBXFileReference; lastKnownFileType = sourcecode.swift; path = NetworkResponseError.swift; sourceTree = "<group>"; };
		59E85487246D4F0A00BECCB0 /* EndPoint.swift */ = {isa = PBXFileReference; lastKnownFileType = sourcecode.swift; path = EndPoint.swift; sourceTree = "<group>"; };
		59E85489246D4F5900BECCB0 /* Sorting.swift */ = {isa = PBXFileReference; lastKnownFileType = sourcecode.swift; path = Sorting.swift; sourceTree = "<group>"; };
		59E8548C246D50C900BECCB0 /* ApiConstant.swift */ = {isa = PBXFileReference; lastKnownFileType = sourcecode.swift; path = ApiConstant.swift; sourceTree = "<group>"; };
		59E85491246D527200BECCB0 /* String+Extensions.swift */ = {isa = PBXFileReference; lastKnownFileType = sourcecode.swift; path = "String+Extensions.swift"; sourceTree = "<group>"; };
		59E85493246D566B00BECCB0 /* MarvelRestClient.swift */ = {isa = PBXFileReference; lastKnownFileType = sourcecode.swift; path = MarvelRestClient.swift; sourceTree = "<group>"; };
		59E85497246D5BE500BECCB0 /* HTTPURLResponse+Extensions.swift */ = {isa = PBXFileReference; lastKnownFileType = sourcecode.swift; path = "HTTPURLResponse+Extensions.swift"; sourceTree = "<group>"; };
		59E85499246D5CAB00BECCB0 /* DateFormater+Extension.swift */ = {isa = PBXFileReference; lastKnownFileType = sourcecode.swift; path = "DateFormater+Extension.swift"; sourceTree = "<group>"; };
		59E8549D246D664B00BECCB0 /* ShowAlert.swift */ = {isa = PBXFileReference; lastKnownFileType = sourcecode.swift; path = ShowAlert.swift; sourceTree = "<group>"; };
		59E8549F246D671B00BECCB0 /* ImageLoader.swift */ = {isa = PBXFileReference; lastKnownFileType = sourcecode.swift; path = ImageLoader.swift; sourceTree = "<group>"; };
		59E854A1246D680200BECCB0 /* UIImageLoader.swift */ = {isa = PBXFileReference; lastKnownFileType = sourcecode.swift; path = UIImageLoader.swift; sourceTree = "<group>"; };
		59E854A3246D685D00BECCB0 /* ImageView+Extension.swift */ = {isa = PBXFileReference; lastKnownFileType = sourcecode.swift; path = "ImageView+Extension.swift"; sourceTree = "<group>"; };
		59E854A5246D68CB00BECCB0 /* CharactersViewModel.swift */ = {isa = PBXFileReference; lastKnownFileType = sourcecode.swift; path = CharactersViewModel.swift; sourceTree = "<group>"; };
		59E854AB246D725E00BECCB0 /* WallapopTheme.swift */ = {isa = PBXFileReference; lastKnownFileType = sourcecode.swift; path = WallapopTheme.swift; sourceTree = "<group>"; };
		59E854AF246D75BE00BECCB0 /* CharactersViewController.swift */ = {isa = PBXFileReference; lastKnownFileType = sourcecode.swift; path = CharactersViewController.swift; sourceTree = "<group>"; };
/* End PBXFileReference section */

/* Begin PBXFrameworksBuildPhase section */
		59E8544C246D2E3400BECCB0 /* Frameworks */ = {
			isa = PBXFrameworksBuildPhase;
			buildActionMask = 2147483647;
			files = (
			);
			runOnlyForDeploymentPostprocessing = 0;
		};
/* End PBXFrameworksBuildPhase section */

/* Begin PBXGroup section */
		59E85446246D2E3400BECCB0 = {
			isa = PBXGroup;
			children = (
				59E85451246D2E3500BECCB0 /* SuperHeroes */,
				59E85450246D2E3500BECCB0 /* Products */,
			);
			sourceTree = "<group>";
		};
		59E85450246D2E3500BECCB0 /* Products */ = {
			isa = PBXGroup;
			children = (
				59E8544F246D2E3500BECCB0 /* SuperHeroes.app */,
			);
			name = Products;
			sourceTree = "<group>";
		};
		59E85451246D2E3500BECCB0 /* SuperHeroes */ = {
			isa = PBXGroup;
			children = (
				59E8548E246D51F900BECCB0 /* Extensions */,
				59E8548B246D505800BECCB0 /* Constants */,
				59E85482246D3A2300BECCB0 /* Networking */,
				59E85469246D33EB00BECCB0 /* Controllers */,
				59E85468246D337500BECCB0 /* ViewModels */,
				59E85467246D336900BECCB0 /* Models */,
				59E85466246D335C00BECCB0 /* Views */,
				59E85452246D2E3500BECCB0 /* AppDelegate.swift */,
				59E85454246D2E3500BECCB0 /* SceneDelegate.swift */,
				59E85456246D2E3500BECCB0 /* ViewController.swift */,
				59E8545B246D2E3500BECCB0 /* Assets.xcassets */,
				59E8545D246D2E3500BECCB0 /* LaunchScreen.storyboard */,
				59E85460246D2E3500BECCB0 /* Info.plist */,
			);
			path = SuperHeroes;
			sourceTree = "<group>";
		};
		59E85466246D335C00BECCB0 /* Views */ = {
			isa = PBXGroup;
			children = (
				59E85458246D2E3500BECCB0 /* Main.storyboard */,
				59E8546E246D368200BECCB0 /* CharacterTableViewCell.swift */,
			);
			path = Views;
			sourceTree = "<group>";
		};
		59E85467246D336900BECCB0 /* Models */ = {
			isa = PBXGroup;
			children = (
				59E85470246D37F900BECCB0 /* PagedCharacterResponse.swift */,
				59E85472246D383900BECCB0 /* DataClass.swift */,
				59E85474246D387200BECCB0 /* Result.swift */,
				59E85476246D38A200BECCB0 /* Comics.swift */,
				59E85478246D38E600BECCB0 /* Stories.swift */,
				59E8547A246D390000BECCB0 /* StoriesItem.swift */,
				59E8547C246D392000BECCB0 /* Thumbnail.swift */,
				59E8547E246D394D00BECCB0 /* URLElement.swift */,
				59E85480246D398300BECCB0 /* ComicsItem.swift */,
			);
			path = Models;
			sourceTree = "<group>";
		};
		59E85468246D337500BECCB0 /* ViewModels */ = {
			isa = PBXGroup;
			children = (
				59E854A5246D68CB00BECCB0 /* CharactersViewModel.swift */,
			);
			path = ViewModels;
			sourceTree = "<group>";
		};
		59E85469246D33EB00BECCB0 /* Controllers */ = {
			isa = PBXGroup;
			children = (
				59E8546C246D354500BECCB0 /* CharacterDescriptionViewController.swift */,
				59E854AF246D75BE00BECCB0 /* CharactersViewController.swift */,
			);
			path = Controllers;
			sourceTree = "<group>";
		};
		59E85482246D3A2300BECCB0 /* Networking */ = {
			isa = PBXGroup;
			children = (
				59E85483246D3A4400BECCB0 /* NetworkResult.swift */,
				59E85485246D3A7900BECCB0 /* NetworkResponseError.swift */,
				59E85487246D4F0A00BECCB0 /* EndPoint.swift */,
				59E85489246D4F5900BECCB0 /* Sorting.swift */,
				59E85493246D566B00BECCB0 /* MarvelRestClient.swift */,
			);
			path = Networking;
			sourceTree = "<group>";
		};
		59E8548B246D505800BECCB0 /* Constants */ = {
			isa = PBXGroup;
			children = (
				59E8548C246D50C900BECCB0 /* ApiConstant.swift */,
				59E854AB246D725E00BECCB0 /* WallapopTheme.swift */,
			);
			path = Constants;
			sourceTree = "<group>";
		};
		59E8548E246D51F900BECCB0 /* Extensions */ = {
			isa = PBXGroup;
			children = (
				59E85491246D527200BECCB0 /* String+Extensions.swift */,
				59E85497246D5BE500BECCB0 /* HTTPURLResponse+Extensions.swift */,
				59E85499246D5CAB00BECCB0 /* DateFormater+Extension.swift */,
				59E8549D246D664B00BECCB0 /* ShowAlert.swift */,
				59E8549F246D671B00BECCB0 /* ImageLoader.swift */,
				59E854A1246D680200BECCB0 /* UIImageLoader.swift */,
				59E854A3246D685D00BECCB0 /* ImageView+Extension.swift */,
				59010E1C247141640017A2C6 /* URL+Extension.swift */,
			);
			path = Extensions;
			sourceTree = "<group>";
		};
/* End PBXGroup section */

/* Begin PBXNativeTarget section */
		59E8544E246D2E3400BECCB0 /* SuperHeroes */ = {
			isa = PBXNativeTarget;
			buildConfigurationList = 59E85463246D2E3500BECCB0 /* Build configuration list for PBXNativeTarget "SuperHeroes" */;
			buildPhases = (
				59E8544B246D2E3400BECCB0 /* Sources */,
				59E8544C246D2E3400BECCB0 /* Frameworks */,
				59E8544D246D2E3400BECCB0 /* Resources */,
			);
			buildRules = (
			);
			dependencies = (
			);
			name = SuperHeroes;
			productName = SuperHeroes;
			productReference = 59E8544F246D2E3500BECCB0 /* SuperHeroes.app */;
			productType = "com.apple.product-type.application";
		};
/* End PBXNativeTarget section */

/* Begin PBXProject section */
		59E85447246D2E3400BECCB0 /* Project object */ = {
			isa = PBXProject;
			attributes = {
				LastSwiftUpdateCheck = 1130;
				LastUpgradeCheck = 1130;
				ORGANIZATIONNAME = teckdk;
				TargetAttributes = {
					59E8544E246D2E3400BECCB0 = {
						CreatedOnToolsVersion = 11.3;
					};
				};
			};
			buildConfigurationList = 59E8544A246D2E3400BECCB0 /* Build configuration list for PBXProject "SuperHeroes" */;
			compatibilityVersion = "Xcode 9.3";
			developmentRegion = en;
			hasScannedForEncodings = 0;
			knownRegions = (
				en,
				Base,
			);
			mainGroup = 59E85446246D2E3400BECCB0;
			productRefGroup = 59E85450246D2E3500BECCB0 /* Products */;
			projectDirPath = "";
			projectRoot = "";
			targets = (
				59E8544E246D2E3400BECCB0 /* SuperHeroes */,
			);
		};
/* End PBXProject section */

/* Begin PBXResourcesBuildPhase section */
		59E8544D246D2E3400BECCB0 /* Resources */ = {
			isa = PBXResourcesBuildPhase;
			buildActionMask = 2147483647;
			files = (
				59E8545F246D2E3500BECCB0 /* LaunchScreen.storyboard in Resources */,
				59E8545C246D2E3500BECCB0 /* Assets.xcassets in Resources */,
				59E8545A246D2E3500BECCB0 /* Main.storyboard in Resources */,
			);
			runOnlyForDeploymentPostprocessing = 0;
		};
/* End PBXResourcesBuildPhase section */

/* Begin PBXSourcesBuildPhase section */
		59E8544B246D2E3400BECCB0 /* Sources */ = {
			isa = PBXSourcesBuildPhase;
			buildActionMask = 2147483647;
			files = (
				59E8549E246D664B00BECCB0 /* ShowAlert.swift in Sources */,
				59E8547B246D390000BECCB0 /* StoriesItem.swift in Sources */,
				59E85492246D527200BECCB0 /* String+Extensions.swift in Sources */,
				59E85475246D387200BECCB0 /* Result.swift in Sources */,
				59E85457246D2E3500BECCB0 /* ViewController.swift in Sources */,
				59E85471246D37F900BECCB0 /* PagedCharacterResponse.swift in Sources */,
				59E8549A246D5CAB00BECCB0 /* DateFormater+Extension.swift in Sources */,
				59E8547F246D394D00BECCB0 /* URLElement.swift in Sources */,
				59E854B0246D75BE00BECCB0 /* CharactersViewController.swift in Sources */,
				59E854A6246D68CB00BECCB0 /* CharactersViewModel.swift in Sources */,
				59E85498246D5BE500BECCB0 /* HTTPURLResponse+Extensions.swift in Sources */,
				59E85481246D398300BECCB0 /* ComicsItem.swift in Sources */,
				59E85473246D383900BECCB0 /* DataClass.swift in Sources */,
				59E85484246D3A4400BECCB0 /* NetworkResult.swift in Sources */,
				59E854A0246D671B00BECCB0 /* ImageLoader.swift in Sources */,
				59E8548D246D50C900BECCB0 /* ApiConstant.swift in Sources */,
				59E8547D246D392000BECCB0 /* Thumbnail.swift in Sources */,
				59E85479246D38E600BECCB0 /* Stories.swift in Sources */,
				59E85494246D566B00BECCB0 /* MarvelRestClient.swift in Sources */,
				59E85477246D38A200BECCB0 /* Comics.swift in Sources */,
				59E8548A246D4F5900BECCB0 /* Sorting.swift in Sources */,
				59E85488246D4F0A00BECCB0 /* EndPoint.swift in Sources */,
				59E854A2246D680200BECCB0 /* UIImageLoader.swift in Sources */,
				59E8546D246D354500BECCB0 /* CharacterDescriptionViewController.swift in Sources */,
				59E85486246D3A7900BECCB0 /* NetworkResponseError.swift in Sources */,
				59010E1D247141640017A2C6 /* URL+Extension.swift in Sources */,
				59E85453246D2E3500BECCB0 /* AppDelegate.swift in Sources */,
				59E85455246D2E3500BECCB0 /* SceneDelegate.swift in Sources */,
				59E854A4246D685D00BECCB0 /* ImageView+Extension.swift in Sources */,
				59E8546F246D368200BECCB0 /* CharacterTableViewCell.swift in Sources */,
				59E854AC246D725E00BECCB0 /* WallapopTheme.swift in Sources */,
			);
			runOnlyForDeploymentPostprocessing = 0;
		};
/* End PBXSourcesBuildPhase section */

/* Begin PBXVariantGroup section */
		59E85458246D2E3500BECCB0 /* Main.storyboard */ = {
			isa = PBXVariantGroup;
			children = (
				59E85459246D2E3500BECCB0 /* Base */,
			);
			name = Main.storyboard;
			sourceTree = "<group>";
		};
		59E8545D246D2E3500BECCB0 /* LaunchScreen.storyboard */ = {
			isa = PBXVariantGroup;
			children = (
				59E8545E246D2E3500BECCB0 /* Base */,
			);
			name = LaunchScreen.storyboard;
			sourceTree = "<group>";
		};
/* End PBXVariantGroup section */

/* Begin XCBuildConfiguration section */
		59E85461246D2E3500BECCB0 /* Debug */ = {
			isa = XCBuildConfiguration;
			buildSettings = {
				ALWAYS_SEARCH_USER_PATHS = NO;
				CLANG_ANALYZER_NONNULL = YES;
				CLANG_ANALYZER_NUMBER_OBJECT_CONVERSION = YES_AGGRESSIVE;
				CLANG_CXX_LANGUAGE_STANDARD = "gnu++14";
				CLANG_CXX_LIBRARY = "libc++";
				CLANG_ENABLE_MODULES = YES;
				CLANG_ENABLE_OBJC_ARC = YES;
				CLANG_ENABLE_OBJC_WEAK = YES;
				CLANG_WARN_BLOCK_CAPTURE_AUTORELEASING = YES;
				CLANG_WARN_BOOL_CONVERSION = YES;
				CLANG_WARN_COMMA = YES;
				CLANG_WARN_CONSTANT_CONVERSION = YES;
				CLANG_WARN_DEPRECATED_OBJC_IMPLEMENTATIONS = YES;
				CLANG_WARN_DIRECT_OBJC_ISA_USAGE = YES_ERROR;
				CLANG_WARN_DOCUMENTATION_COMMENTS = YES;
				CLANG_WARN_EMPTY_BODY = YES;
				CLANG_WARN_ENUM_CONVERSION = YES;
				CLANG_WARN_INFINITE_RECURSION = YES;
				CLANG_WARN_INT_CONVERSION = YES;
				CLANG_WARN_NON_LITERAL_NULL_CONVERSION = YES;
				CLANG_WARN_OBJC_IMPLICIT_RETAIN_SELF = YES;
				CLANG_WARN_OBJC_LITERAL_CONVERSION = YES;
				CLANG_WARN_OBJC_ROOT_CLASS = YES_ERROR;
				CLANG_WARN_RANGE_LOOP_ANALYSIS = YES;
				CLANG_WARN_STRICT_PROTOTYPES = YES;
				CLANG_WARN_SUSPICIOUS_MOVE = YES;
				CLANG_WARN_UNGUARDED_AVAILABILITY = YES_AGGRESSIVE;
				CLANG_WARN_UNREACHABLE_CODE = YES;
				CLANG_WARN__DUPLICATE_METHOD_MATCH = YES;
				COPY_PHASE_STRIP = NO;
				DEBUG_INFORMATION_FORMAT = dwarf;
				ENABLE_STRICT_OBJC_MSGSEND = YES;
				ENABLE_TESTABILITY = YES;
				GCC_C_LANGUAGE_STANDARD = gnu11;
				GCC_DYNAMIC_NO_PIC = NO;
				GCC_NO_COMMON_BLOCKS = YES;
				GCC_OPTIMIZATION_LEVEL = 0;
				GCC_PREPROCESSOR_DEFINITIONS = (
					"DEBUG=1",
					"$(inherited)",
				);
				GCC_WARN_64_TO_32_BIT_CONVERSION = YES;
				GCC_WARN_ABOUT_RETURN_TYPE = YES_ERROR;
				GCC_WARN_UNDECLARED_SELECTOR = YES;
				GCC_WARN_UNINITIALIZED_AUTOS = YES_AGGRESSIVE;
				GCC_WARN_UNUSED_FUNCTION = YES;
				GCC_WARN_UNUSED_VARIABLE = YES;
				IPHONEOS_DEPLOYMENT_TARGET = 13.2;
				MTL_ENABLE_DEBUG_INFO = INCLUDE_SOURCE;
				MTL_FAST_MATH = YES;
				ONLY_ACTIVE_ARCH = YES;
				SDKROOT = iphoneos;
				SWIFT_ACTIVE_COMPILATION_CONDITIONS = DEBUG;
				SWIFT_OPTIMIZATION_LEVEL = "-Onone";
			};
			name = Debug;
		};
		59E85462246D2E3500BECCB0 /* Release */ = {
			isa = XCBuildConfiguration;
			buildSettings = {
				ALWAYS_SEARCH_USER_PATHS = NO;
				CLANG_ANALYZER_NONNULL = YES;
				CLANG_ANALYZER_NUMBER_OBJECT_CONVERSION = YES_AGGRESSIVE;
				CLANG_CXX_LANGUAGE_STANDARD = "gnu++14";
				CLANG_CXX_LIBRARY = "libc++";
				CLANG_ENABLE_MODULES = YES;
				CLANG_ENABLE_OBJC_ARC = YES;
				CLANG_ENABLE_OBJC_WEAK = YES;
				CLANG_WARN_BLOCK_CAPTURE_AUTORELEASING = YES;
				CLANG_WARN_BOOL_CONVERSION = YES;
				CLANG_WARN_COMMA = YES;
				CLANG_WARN_CONSTANT_CONVERSION = YES;
				CLANG_WARN_DEPRECATED_OBJC_IMPLEMENTATIONS = YES;
				CLANG_WARN_DIRECT_OBJC_ISA_USAGE = YES_ERROR;
				CLANG_WARN_DOCUMENTATION_COMMENTS = YES;
				CLANG_WARN_EMPTY_BODY = YES;
				CLANG_WARN_ENUM_CONVERSION = YES;
				CLANG_WARN_INFINITE_RECURSION = YES;
				CLANG_WARN_INT_CONVERSION = YES;
				CLANG_WARN_NON_LITERAL_NULL_CONVERSION = YES;
				CLANG_WARN_OBJC_IMPLICIT_RETAIN_SELF = YES;
				CLANG_WARN_OBJC_LITERAL_CONVERSION = YES;
				CLANG_WARN_OBJC_ROOT_CLASS = YES_ERROR;
				CLANG_WARN_RANGE_LOOP_ANALYSIS = YES;
				CLANG_WARN_STRICT_PROTOTYPES = YES;
				CLANG_WARN_SUSPICIOUS_MOVE = YES;
				CLANG_WARN_UNGUARDED_AVAILABILITY = YES_AGGRESSIVE;
				CLANG_WARN_UNREACHABLE_CODE = YES;
				CLANG_WARN__DUPLICATE_METHOD_MATCH = YES;
				COPY_PHASE_STRIP = NO;
				DEBUG_INFORMATION_FORMAT = "dwarf-with-dsym";
				ENABLE_NS_ASSERTIONS = NO;
				ENABLE_STRICT_OBJC_MSGSEND = YES;
				GCC_C_LANGUAGE_STANDARD = gnu11;
				GCC_NO_COMMON_BLOCKS = YES;
				GCC_WARN_64_TO_32_BIT_CONVERSION = YES;
				GCC_WARN_ABOUT_RETURN_TYPE = YES_ERROR;
				GCC_WARN_UNDECLARED_SELECTOR = YES;
				GCC_WARN_UNINITIALIZED_AUTOS = YES_AGGRESSIVE;
				GCC_WARN_UNUSED_FUNCTION = YES;
				GCC_WARN_UNUSED_VARIABLE = YES;
				IPHONEOS_DEPLOYMENT_TARGET = 13.2;
				MTL_ENABLE_DEBUG_INFO = NO;
				MTL_FAST_MATH = YES;
				SDKROOT = iphoneos;
				SWIFT_COMPILATION_MODE = wholemodule;
				SWIFT_OPTIMIZATION_LEVEL = "-O";
				VALIDATE_PRODUCT = YES;
			};
			name = Release;
		};
		59E85464246D2E3500BECCB0 /* Debug */ = {
			isa = XCBuildConfiguration;
			buildSettings = {
				ASSETCATALOG_COMPILER_APPICON_NAME = AppIcon;
				CODE_SIGN_STYLE = Automatic;
				DEVELOPMENT_TEAM = 579JAP9YP6;
				INFOPLIST_FILE = SuperHeroes/Info.plist;
				LD_RUNPATH_SEARCH_PATHS = (
					"$(inherited)",
					"@executable_path/Frameworks",
				);
				PRODUCT_BUNDLE_IDENTIFIER = com.teckdk.SuperHeroes;
				PRODUCT_NAME = "$(TARGET_NAME)";
				SWIFT_VERSION = 5.0;
				TARGETED_DEVICE_FAMILY = "1,2";
			};
			name = Debug;
		};
		59E85465246D2E3500BECCB0 /* Release */ = {
			isa = XCBuildConfiguration;
			buildSettings = {
				ASSETCATALOG_COMPILER_APPICON_NAME = AppIcon;
				CODE_SIGN_STYLE = Automatic;
				DEVELOPMENT_TEAM = 579JAP9YP6;
				INFOPLIST_FILE = SuperHeroes/Info.plist;
				LD_RUNPATH_SEARCH_PATHS = (
					"$(inherited)",
					"@executable_path/Frameworks",
				);
				PRODUCT_BUNDLE_IDENTIFIER = com.teckdk.SuperHeroes;
				PRODUCT_NAME = "$(TARGET_NAME)";
				SWIFT_VERSION = 5.0;
				TARGETED_DEVICE_FAMILY = "1,2";
			};
			name = Release;
		};
/* End XCBuildConfiguration section */

/* Begin XCConfigurationList section */
		59E8544A246D2E3400BECCB0 /* Build configuration list for PBXProject "SuperHeroes" */ = {
			isa = XCConfigurationList;
			buildConfigurations = (
				59E85461246D2E3500BECCB0 /* Debug */,
				59E85462246D2E3500BECCB0 /* Release */,
			);
			defaultConfigurationIsVisible = 0;
			defaultConfigurationName = Release;
		};
		59E85463246D2E3500BECCB0 /* Build configuration list for PBXNativeTarget "SuperHeroes" */ = {
			isa = XCConfigurationList;
			buildConfigurations = (
				59E85464246D2E3500BECCB0 /* Debug */,
				59E85465246D2E3500BECCB0 /* Release */,
			);
			defaultConfigurationIsVisible = 0;
			defaultConfigurationName = Release;
		};
/* End XCConfigurationList section */
	};
	rootObject = 59E85447246D2E3400BECCB0 /* Project object */;
}
