// !$*UTF8*$!
{
	archiveVersion = 1;
	classes = {
	};
	objectVersion = 50;
	objects = {

/* Begin PBXBuildFile section */
		47E9D30AD66B23B76B044E3D /* Pods_SuperHeroes.framework in Frameworks */ = {isa = PBXBuildFile; fileRef = 722A7D12CE13E8656A6E7A1C /* Pods_SuperHeroes.framework */; };
		59010E1D247141640017A2C6 /* URL+Extension.swift in Sources */ = {isa = PBXBuildFile; fileRef = 59010E1C247141640017A2C6 /* URL+Extension.swift */; };
		59076D6D2475418A00A457B4 /* CharactersViewControllerTests.swift in Sources */ = {isa = PBXBuildFile; fileRef = 59076D6C2475418A00A457B4 /* CharactersViewControllerTests.swift */; };
		59076D7124755E0500A457B4 /* CharactersViewControllerDataSource.swift in Sources */ = {isa = PBXBuildFile; fileRef = 59076D7024755E0500A457B4 /* CharactersViewControllerDataSource.swift */; };
		59076D7324756D4500A457B4 /* CharactersViewControllerTableViewDelegate.swift in Sources */ = {isa = PBXBuildFile; fileRef = 59076D7224756D4500A457B4 /* CharactersViewControllerTableViewDelegate.swift */; };
		59076D7524757AAA00A457B4 /* CharactersViewModelProtocol.swift in Sources */ = {isa = PBXBuildFile; fileRef = 59076D7424757AAA00A457B4 /* CharactersViewModelProtocol.swift */; };
		59076D7724757B3E00A457B4 /* MockCharactersViewModel.swift in Sources */ = {isa = PBXBuildFile; fileRef = 59076D7624757B3E00A457B4 /* MockCharactersViewModel.swift */; };
		593D399024779DC30099EA69 /* CharacterDescriptionViewControllerTest.swift in Sources */ = {isa = PBXBuildFile; fileRef = 593D398F24779DC30099EA69 /* CharacterDescriptionViewControllerTest.swift */; };
		5982358E24764D0E0008308E /* CharacterViewControllerSearchResultsUpdating.swift in Sources */ = {isa = PBXBuildFile; fileRef = 5982358D24764D0E0008308E /* CharacterViewControllerSearchResultsUpdating.swift */; };
		598235A02476A81B0008308E /* CharactersViewModelTest.swift in Sources */ = {isa = PBXBuildFile; fileRef = 5982359F2476A81B0008308E /* CharactersViewModelTest.swift */; };
		59888A60247933070096CF9C /* CharactersViewControllerTableViewUITest.swift in Sources */ = {isa = PBXBuildFile; fileRef = 59888A5F247933070096CF9C /* CharactersViewControllerTableViewUITest.swift */; };
		598984362473B5FF00B7B338 /* MarvelRestClientProtocol.swift in Sources */ = {isa = PBXBuildFile; fileRef = 598984352473B5FF00B7B338 /* MarvelRestClientProtocol.swift */; };
		598984382473B6A300B7B338 /* MockMarvelRestClient.swift in Sources */ = {isa = PBXBuildFile; fileRef = 598984372473B6A300B7B338 /* MockMarvelRestClient.swift */; };
		598984472473FAC000B7B338 /* PagedCharacterResponse+Extension.swift in Sources */ = {isa = PBXBuildFile; fileRef = 598984462473FAC000B7B338 /* PagedCharacterResponse+Extension.swift */; };
		598984492473FCEB00B7B338 /* Stubbable.swift in Sources */ = {isa = PBXBuildFile; fileRef = 598984482473FCEB00B7B338 /* Stubbable.swift */; };
		59CE401B2475C63B007EA5E3 /* CharactersViewControllerDataSourceTest.swift in Sources */ = {isa = PBXBuildFile; fileRef = 59CE401A2475C63B007EA5E3 /* CharactersViewControllerDataSourceTest.swift */; };
		59CE40212475DC34007EA5E3 /* CharactersViewControllerPrefetchDataSource.swift in Sources */ = {isa = PBXBuildFile; fileRef = 59CE40202475DC34007EA5E3 /* CharactersViewControllerPrefetchDataSource.swift */; };
		59D3D3E724793AFE00B1BCDB /* CharactersViewControllerTableViewSelectUITest.swift in Sources */ = {isa = PBXBuildFile; fileRef = 59D3D3E624793AFE00B1BCDB /* CharactersViewControllerTableViewSelectUITest.swift */; };
		59D3D3E924793B9200B1BCDB /* CharactersViewControllerTableViewCellLabelUITest.swift in Sources */ = {isa = PBXBuildFile; fileRef = 59D3D3E824793B9200B1BCDB /* CharactersViewControllerTableViewCellLabelUITest.swift */; };
		59D3D3EB24793BFA00B1BCDB /* CharactersViewControllerTableViewCellImageUITest.swift in Sources */ = {isa = PBXBuildFile; fileRef = 59D3D3EA24793BFA00B1BCDB /* CharactersViewControllerTableViewCellImageUITest.swift */; };
		59D3D3EE24793F5D00B1BCDB /* XCUIApplication+Extensions.swift in Sources */ = {isa = PBXBuildFile; fileRef = 59D3D3ED24793F5D00B1BCDB /* XCUIApplication+Extensions.swift */; };
		59D3D3F02479480400B1BCDB /* CharacterDescriptionViewControllerUITest.swift in Sources */ = {isa = PBXBuildFile; fileRef = 59D3D3EF2479480400B1BCDB /* CharacterDescriptionViewControllerUITest.swift */; };
		59D3D3F224795A1900B1BCDB /* CharacterDescriptionViewControllerImageUITest.swift in Sources */ = {isa = PBXBuildFile; fileRef = 59D3D3F124795A1900B1BCDB /* CharacterDescriptionViewControllerImageUITest.swift */; };
		59D3D3F424795AFF00B1BCDB /* CharacterDescriptionViewControllerTextContainerUITest.swift in Sources */ = {isa = PBXBuildFile; fileRef = 59D3D3F324795AFF00B1BCDB /* CharacterDescriptionViewControllerTextContainerUITest.swift */; };
		59D3D3FC2479610C00B1BCDB /* CharacterDescriptionViewControllerViewModelProtocol.swift in Sources */ = {isa = PBXBuildFile; fileRef = 59D3D3FB2479610C00B1BCDB /* CharacterDescriptionViewControllerViewModelProtocol.swift */; };
		59D3D400247961E600B1BCDB /* MockCharacterDescriptionViewControllerViewModel.swift in Sources */ = {isa = PBXBuildFile; fileRef = 59D3D3FF247961E600B1BCDB /* MockCharacterDescriptionViewControllerViewModel.swift */; };
		59E85453246D2E3500BECCB0 /* AppDelegate.swift in Sources */ = {isa = PBXBuildFile; fileRef = 59E85452246D2E3500BECCB0 /* AppDelegate.swift */; };
		59E85455246D2E3500BECCB0 /* SceneDelegate.swift in Sources */ = {isa = PBXBuildFile; fileRef = 59E85454246D2E3500BECCB0 /* SceneDelegate.swift */; };
		59E8545A246D2E3500BECCB0 /* Main.storyboard in Resources */ = {isa = PBXBuildFile; fileRef = 59E85458246D2E3500BECCB0 /* Main.storyboard */; };
		59E8545C246D2E3500BECCB0 /* Assets.xcassets in Resources */ = {isa = PBXBuildFile; fileRef = 59E8545B246D2E3500BECCB0 /* Assets.xcassets */; };
		59E8545F246D2E3500BECCB0 /* LaunchScreen.storyboard in Resources */ = {isa = PBXBuildFile; fileRef = 59E8545D246D2E3500BECCB0 /* LaunchScreen.storyboard */; };
		59E8546D246D354500BECCB0 /* CharacterDescriptionViewController.swift in Sources */ = {isa = PBXBuildFile; fileRef = 59E8546C246D354500BECCB0 /* CharacterDescriptionViewController.swift */; };
		59E8546F246D368200BECCB0 /* CharacterTableViewCell.swift in Sources */ = {isa = PBXBuildFile; fileRef = 59E8546E246D368200BECCB0 /* CharacterTableViewCell.swift */; };
		59E85471246D37F900BECCB0 /* PagedCharacterResponse.swift in Sources */ = {isa = PBXBuildFile; fileRef = 59E85470246D37F900BECCB0 /* PagedCharacterResponse.swift */; };
		59E85473246D383900BECCB0 /* DataClass.swift in Sources */ = {isa = PBXBuildFile; fileRef = 59E85472246D383900BECCB0 /* DataClass.swift */; };
		59E85475246D387200BECCB0 /* Result.swift in Sources */ = {isa = PBXBuildFile; fileRef = 59E85474246D387200BECCB0 /* Result.swift */; };
		59E85477246D38A200BECCB0 /* Comics.swift in Sources */ = {isa = PBXBuildFile; fileRef = 59E85476246D38A200BECCB0 /* Comics.swift */; };
		59E85479246D38E600BECCB0 /* Stories.swift in Sources */ = {isa = PBXBuildFile; fileRef = 59E85478246D38E600BECCB0 /* Stories.swift */; };
		59E8547B246D390000BECCB0 /* StoriesItem.swift in Sources */ = {isa = PBXBuildFile; fileRef = 59E8547A246D390000BECCB0 /* StoriesItem.swift */; };
		59E8547D246D392000BECCB0 /* Thumbnail.swift in Sources */ = {isa = PBXBuildFile; fileRef = 59E8547C246D392000BECCB0 /* Thumbnail.swift */; };
		59E8547F246D394D00BECCB0 /* URLElement.swift in Sources */ = {isa = PBXBuildFile; fileRef = 59E8547E246D394D00BECCB0 /* URLElement.swift */; };
		59E85481246D398300BECCB0 /* ComicsItem.swift in Sources */ = {isa = PBXBuildFile; fileRef = 59E85480246D398300BECCB0 /* ComicsItem.swift */; };
		59E85484246D3A4400BECCB0 /* NetworkResult.swift in Sources */ = {isa = PBXBuildFile; fileRef = 59E85483246D3A4400BECCB0 /* NetworkResult.swift */; };
		59E85486246D3A7900BECCB0 /* NetworkResponseError.swift in Sources */ = {isa = PBXBuildFile; fileRef = 59E85485246D3A7900BECCB0 /* NetworkResponseError.swift */; };
		59E85488246D4F0A00BECCB0 /* EndPoint.swift in Sources */ = {isa = PBXBuildFile; fileRef = 59E85487246D4F0A00BECCB0 /* EndPoint.swift */; };
		59E8548A246D4F5900BECCB0 /* Sorting.swift in Sources */ = {isa = PBXBuildFile; fileRef = 59E85489246D4F5900BECCB0 /* Sorting.swift */; };
		59E8548D246D50C900BECCB0 /* ApiConstant.swift in Sources */ = {isa = PBXBuildFile; fileRef = 59E8548C246D50C900BECCB0 /* ApiConstant.swift */; };
		59E85492246D527200BECCB0 /* String+Extensions.swift in Sources */ = {isa = PBXBuildFile; fileRef = 59E85491246D527200BECCB0 /* String+Extensions.swift */; };
		59E85494246D566B00BECCB0 /* MarvelRestClient.swift in Sources */ = {isa = PBXBuildFile; fileRef = 59E85493246D566B00BECCB0 /* MarvelRestClient.swift */; };
		59E85498246D5BE500BECCB0 /* HTTPURLResponse+Extensions.swift in Sources */ = {isa = PBXBuildFile; fileRef = 59E85497246D5BE500BECCB0 /* HTTPURLResponse+Extensions.swift */; };
		59E8549A246D5CAB00BECCB0 /* DateFormater+Extension.swift in Sources */ = {isa = PBXBuildFile; fileRef = 59E85499246D5CAB00BECCB0 /* DateFormater+Extension.swift */; };
		59E8549E246D664B00BECCB0 /* ShowAlert.swift in Sources */ = {isa = PBXBuildFile; fileRef = 59E8549D246D664B00BECCB0 /* ShowAlert.swift */; };
		59E854A6246D68CB00BECCB0 /* CharactersViewModel.swift in Sources */ = {isa = PBXBuildFile; fileRef = 59E854A5246D68CB00BECCB0 /* CharactersViewModel.swift */; };
		59E854AC246D725E00BECCB0 /* WallapopTheme.swift in Sources */ = {isa = PBXBuildFile; fileRef = 59E854AB246D725E00BECCB0 /* WallapopTheme.swift */; };
		59E854B0246D75BE00BECCB0 /* CharactersViewController.swift in Sources */ = {isa = PBXBuildFile; fileRef = 59E854AF246D75BE00BECCB0 /* CharactersViewController.swift */; };
		59E98C14247729B7003B8329 /* CharacterDescriptionViewControllerViewModel.swift in Sources */ = {isa = PBXBuildFile; fileRef = 59E98C13247729B7003B8329 /* CharacterDescriptionViewControllerViewModel.swift */; };
		59F115742472BA530037B6EE /* SuperHeroesTests.swift in Sources */ = {isa = PBXBuildFile; fileRef = 59F115732472BA530037B6EE /* SuperHeroesTests.swift */; };
		59F1157C2472BB130037B6EE /* MarvelRestClientParserTests.swift in Sources */ = {isa = PBXBuildFile; fileRef = 59F1157B2472BB130037B6EE /* MarvelRestClientParserTests.swift */; };
/* End PBXBuildFile section */

/* Begin PBXContainerItemProxy section */
		59762E972478041500E33CE7 /* PBXContainerItemProxy */ = {
			isa = PBXContainerItemProxy;
			containerPortal = 59E85447246D2E3400BECCB0 /* Project object */;
			proxyType = 1;
			remoteGlobalIDString = 59E8544E246D2E3400BECCB0;
			remoteInfo = SuperHeroes;
		};
		59F115762472BA530037B6EE /* PBXContainerItemProxy */ = {
			isa = PBXContainerItemProxy;
			containerPortal = 59E85447246D2E3400BECCB0 /* Project object */;
			proxyType = 1;
			remoteGlobalIDString = 59E8544E246D2E3400BECCB0;
			remoteInfo = SuperHeroes;
		};
/* End PBXContainerItemProxy section */

/* Begin PBXFileReference section */
		2261304F869FF6FA5A453634 /* Pods-SuperHeroes.release.xcconfig */ = {isa = PBXFileReference; includeInIndex = 1; lastKnownFileType = text.xcconfig; name = "Pods-SuperHeroes.release.xcconfig"; path = "Pods/Target Support Files/Pods-SuperHeroes/Pods-SuperHeroes.release.xcconfig"; sourceTree = "<group>"; };
		59010E1C247141640017A2C6 /* URL+Extension.swift */ = {isa = PBXFileReference; lastKnownFileType = sourcecode.swift; path = "URL+Extension.swift"; sourceTree = "<group>"; };
		59076D6C2475418A00A457B4 /* CharactersViewControllerTests.swift */ = {isa = PBXFileReference; lastKnownFileType = sourcecode.swift; path = CharactersViewControllerTests.swift; sourceTree = "<group>"; };
		59076D7024755E0500A457B4 /* CharactersViewControllerDataSource.swift */ = {isa = PBXFileReference; lastKnownFileType = sourcecode.swift; path = CharactersViewControllerDataSource.swift; sourceTree = "<group>"; };
		59076D7224756D4500A457B4 /* CharactersViewControllerTableViewDelegate.swift */ = {isa = PBXFileReference; lastKnownFileType = sourcecode.swift; path = CharactersViewControllerTableViewDelegate.swift; sourceTree = "<group>"; };
		59076D7424757AAA00A457B4 /* CharactersViewModelProtocol.swift */ = {isa = PBXFileReference; lastKnownFileType = sourcecode.swift; path = CharactersViewModelProtocol.swift; sourceTree = "<group>"; };
		59076D7624757B3E00A457B4 /* MockCharactersViewModel.swift */ = {isa = PBXFileReference; lastKnownFileType = sourcecode.swift; path = MockCharactersViewModel.swift; sourceTree = "<group>"; };
		593D398F24779DC30099EA69 /* CharacterDescriptionViewControllerTest.swift */ = {isa = PBXFileReference; lastKnownFileType = sourcecode.swift; path = CharacterDescriptionViewControllerTest.swift; sourceTree = "<group>"; };
		59762E922478041500E33CE7 /* SuperHeroesUITests.xctest */ = {isa = PBXFileReference; explicitFileType = wrapper.cfbundle; includeInIndex = 0; path = SuperHeroesUITests.xctest; sourceTree = BUILT_PRODUCTS_DIR; };
		59762E962478041500E33CE7 /* Info.plist */ = {isa = PBXFileReference; lastKnownFileType = text.plist.xml; path = Info.plist; sourceTree = "<group>"; };
		5982358D24764D0E0008308E /* CharacterViewControllerSearchResultsUpdating.swift */ = {isa = PBXFileReference; lastKnownFileType = sourcecode.swift; path = CharacterViewControllerSearchResultsUpdating.swift; sourceTree = "<group>"; };
		5982359F2476A81B0008308E /* CharactersViewModelTest.swift */ = {isa = PBXFileReference; lastKnownFileType = sourcecode.swift; path = CharactersViewModelTest.swift; sourceTree = "<group>"; };
		59888A5F247933070096CF9C /* CharactersViewControllerTableViewUITest.swift */ = {isa = PBXFileReference; lastKnownFileType = sourcecode.swift; path = CharactersViewControllerTableViewUITest.swift; sourceTree = "<group>"; };
		598984352473B5FF00B7B338 /* MarvelRestClientProtocol.swift */ = {isa = PBXFileReference; lastKnownFileType = sourcecode.swift; path = MarvelRestClientProtocol.swift; sourceTree = "<group>"; };
		598984372473B6A300B7B338 /* MockMarvelRestClient.swift */ = {isa = PBXFileReference; lastKnownFileType = sourcecode.swift; path = MockMarvelRestClient.swift; sourceTree = "<group>"; };
		598984462473FAC000B7B338 /* PagedCharacterResponse+Extension.swift */ = {isa = PBXFileReference; lastKnownFileType = sourcecode.swift; path = "PagedCharacterResponse+Extension.swift"; sourceTree = "<group>"; };
		598984482473FCEB00B7B338 /* Stubbable.swift */ = {isa = PBXFileReference; lastKnownFileType = sourcecode.swift; path = Stubbable.swift; sourceTree = "<group>"; };
		59CE401A2475C63B007EA5E3 /* CharactersViewControllerDataSourceTest.swift */ = {isa = PBXFileReference; lastKnownFileType = sourcecode.swift; path = CharactersViewControllerDataSourceTest.swift; sourceTree = "<group>"; };
		59CE40202475DC34007EA5E3 /* CharactersViewControllerPrefetchDataSource.swift */ = {isa = PBXFileReference; lastKnownFileType = sourcecode.swift; path = CharactersViewControllerPrefetchDataSource.swift; sourceTree = "<group>"; };
		59D3D3E624793AFE00B1BCDB /* CharactersViewControllerTableViewSelectUITest.swift */ = {isa = PBXFileReference; lastKnownFileType = sourcecode.swift; path = CharactersViewControllerTableViewSelectUITest.swift; sourceTree = "<group>"; };
		59D3D3E824793B9200B1BCDB /* CharactersViewControllerTableViewCellLabelUITest.swift */ = {isa = PBXFileReference; lastKnownFileType = sourcecode.swift; path = CharactersViewControllerTableViewCellLabelUITest.swift; sourceTree = "<group>"; };
		59D3D3EA24793BFA00B1BCDB /* CharactersViewControllerTableViewCellImageUITest.swift */ = {isa = PBXFileReference; lastKnownFileType = sourcecode.swift; path = CharactersViewControllerTableViewCellImageUITest.swift; sourceTree = "<group>"; };
		59D3D3ED24793F5D00B1BCDB /* XCUIApplication+Extensions.swift */ = {isa = PBXFileReference; lastKnownFileType = sourcecode.swift; path = "XCUIApplication+Extensions.swift"; sourceTree = "<group>"; };
		59D3D3EF2479480400B1BCDB /* CharacterDescriptionViewControllerUITest.swift */ = {isa = PBXFileReference; lastKnownFileType = sourcecode.swift; path = CharacterDescriptionViewControllerUITest.swift; sourceTree = "<group>"; };
		59D3D3F124795A1900B1BCDB /* CharacterDescriptionViewControllerImageUITest.swift */ = {isa = PBXFileReference; lastKnownFileType = sourcecode.swift; path = CharacterDescriptionViewControllerImageUITest.swift; sourceTree = "<group>"; };
		59D3D3F324795AFF00B1BCDB /* CharacterDescriptionViewControllerTextContainerUITest.swift */ = {isa = PBXFileReference; lastKnownFileType = sourcecode.swift; path = CharacterDescriptionViewControllerTextContainerUITest.swift; sourceTree = "<group>"; };
		59D3D3FB2479610C00B1BCDB /* CharacterDescriptionViewControllerViewModelProtocol.swift */ = {isa = PBXFileReference; lastKnownFileType = sourcecode.swift; path = CharacterDescriptionViewControllerViewModelProtocol.swift; sourceTree = "<group>"; };
		59D3D3FF247961E600B1BCDB /* MockCharacterDescriptionViewControllerViewModel.swift */ = {isa = PBXFileReference; lastKnownFileType = sourcecode.swift; path = MockCharacterDescriptionViewControllerViewModel.swift; sourceTree = "<group>"; };
		59E8544F246D2E3500BECCB0 /* SuperHeroes.app */ = {isa = PBXFileReference; explicitFileType = wrapper.application; includeInIndex = 0; path = SuperHeroes.app; sourceTree = BUILT_PRODUCTS_DIR; };
		59E85452246D2E3500BECCB0 /* AppDelegate.swift */ = {isa = PBXFileReference; lastKnownFileType = sourcecode.swift; path = AppDelegate.swift; sourceTree = "<group>"; };
		59E85454246D2E3500BECCB0 /* SceneDelegate.swift */ = {isa = PBXFileReference; lastKnownFileType = sourcecode.swift; path = SceneDelegate.swift; sourceTree = "<group>"; };
		59E85459246D2E3500BECCB0 /* Base */ = {isa = PBXFileReference; lastKnownFileType = file.storyboard; name = Base; path = Base.lproj/Main.storyboard; sourceTree = "<group>"; };
		59E8545B246D2E3500BECCB0 /* Assets.xcassets */ = {isa = PBXFileReference; lastKnownFileType = folder.assetcatalog; path = Assets.xcassets; sourceTree = "<group>"; };
		59E8545E246D2E3500BECCB0 /* Base */ = {isa = PBXFileReference; lastKnownFileType = file.storyboard; name = Base; path = Base.lproj/LaunchScreen.storyboard; sourceTree = "<group>"; };
		59E85460246D2E3500BECCB0 /* Info.plist */ = {isa = PBXFileReference; lastKnownFileType = text.plist.xml; path = Info.plist; sourceTree = "<group>"; };
		59E8546C246D354500BECCB0 /* CharacterDescriptionViewController.swift */ = {isa = PBXFileReference; lastKnownFileType = sourcecode.swift; path = CharacterDescriptionViewController.swift; sourceTree = "<group>"; };
		59E8546E246D368200BECCB0 /* CharacterTableViewCell.swift */ = {isa = PBXFileReference; lastKnownFileType = sourcecode.swift; path = CharacterTableViewCell.swift; sourceTree = "<group>"; };
		59E85470246D37F900BECCB0 /* PagedCharacterResponse.swift */ = {isa = PBXFileReference; lastKnownFileType = sourcecode.swift; path = PagedCharacterResponse.swift; sourceTree = "<group>"; };
		59E85472246D383900BECCB0 /* DataClass.swift */ = {isa = PBXFileReference; lastKnownFileType = sourcecode.swift; path = DataClass.swift; sourceTree = "<group>"; };
		59E85474246D387200BECCB0 /* Result.swift */ = {isa = PBXFileReference; lastKnownFileType = sourcecode.swift; path = Result.swift; sourceTree = "<group>"; };
		59E85476246D38A200BECCB0 /* Comics.swift */ = {isa = PBXFileReference; lastKnownFileType = sourcecode.swift; path = Comics.swift; sourceTree = "<group>"; };
		59E85478246D38E600BECCB0 /* Stories.swift */ = {isa = PBXFileReference; lastKnownFileType = sourcecode.swift; path = Stories.swift; sourceTree = "<group>"; };
		59E8547A246D390000BECCB0 /* StoriesItem.swift */ = {isa = PBXFileReference; lastKnownFileType = sourcecode.swift; path = StoriesItem.swift; sourceTree = "<group>"; };
		59E8547C246D392000BECCB0 /* Thumbnail.swift */ = {isa = PBXFileReference; lastKnownFileType = sourcecode.swift; path = Thumbnail.swift; sourceTree = "<group>"; };
		59E8547E246D394D00BECCB0 /* URLElement.swift */ = {isa = PBXFileReference; lastKnownFileType = sourcecode.swift; path = URLElement.swift; sourceTree = "<group>"; };
		59E85480246D398300BECCB0 /* ComicsItem.swift */ = {isa = PBXFileReference; lastKnownFileType = sourcecode.swift; path = ComicsItem.swift; sourceTree = "<group>"; };
		59E85483246D3A4400BECCB0 /* NetworkResult.swift */ = {isa = PBXFileReference; lastKnownFileType = sourcecode.swift; path = NetworkResult.swift; sourceTree = "<group>"; };
		59E85485246D3A7900BECCB0 /* NetworkResponseError.swift */ = {isa = PBXFileReference; lastKnownFileType = sourcecode.swift; path = NetworkResponseError.swift; sourceTree = "<group>"; };
		59E85487246D4F0A00BECCB0 /* EndPoint.swift */ = {isa = PBXFileReference; lastKnownFileType = sourcecode.swift; path = EndPoint.swift; sourceTree = "<group>"; };
		59E85489246D4F5900BECCB0 /* Sorting.swift */ = {isa = PBXFileReference; lastKnownFileType = sourcecode.swift; path = Sorting.swift; sourceTree = "<group>"; };
		59E8548C246D50C900BECCB0 /* ApiConstant.swift */ = {isa = PBXFileReference; lastKnownFileType = sourcecode.swift; path = ApiConstant.swift; sourceTree = "<group>"; };
		59E85491246D527200BECCB0 /* String+Extensions.swift */ = {isa = PBXFileReference; lastKnownFileType = sourcecode.swift; path = "String+Extensions.swift"; sourceTree = "<group>"; };
		59E85493246D566B00BECCB0 /* MarvelRestClient.swift */ = {isa = PBXFileReference; lastKnownFileType = sourcecode.swift; path = MarvelRestClient.swift; sourceTree = "<group>"; };
		59E85497246D5BE500BECCB0 /* HTTPURLResponse+Extensions.swift */ = {isa = PBXFileReference; lastKnownFileType = sourcecode.swift; path = "HTTPURLResponse+Extensions.swift"; sourceTree = "<group>"; };
		59E85499246D5CAB00BECCB0 /* DateFormater+Extension.swift */ = {isa = PBXFileReference; lastKnownFileType = sourcecode.swift; path = "DateFormater+Extension.swift"; sourceTree = "<group>"; };
		59E8549D246D664B00BECCB0 /* ShowAlert.swift */ = {isa = PBXFileReference; lastKnownFileType = sourcecode.swift; path = ShowAlert.swift; sourceTree = "<group>"; };
		59E854A5246D68CB00BECCB0 /* CharactersViewModel.swift */ = {isa = PBXFileReference; lastKnownFileType = sourcecode.swift; path = CharactersViewModel.swift; sourceTree = "<group>"; };
		59E854AB246D725E00BECCB0 /* WallapopTheme.swift */ = {isa = PBXFileReference; lastKnownFileType = sourcecode.swift; path = WallapopTheme.swift; sourceTree = "<group>"; };
		59E854AF246D75BE00BECCB0 /* CharactersViewController.swift */ = {isa = PBXFileReference; lastKnownFileType = sourcecode.swift; path = CharactersViewController.swift; sourceTree = "<group>"; };
		59E98C13247729B7003B8329 /* CharacterDescriptionViewControllerViewModel.swift */ = {isa = PBXFileReference; lastKnownFileType = sourcecode.swift; path = CharacterDescriptionViewControllerViewModel.swift; sourceTree = "<group>"; };
		59F115712472BA530037B6EE /* SuperHeroesTests.xctest */ = {isa = PBXFileReference; explicitFileType = wrapper.cfbundle; includeInIndex = 0; path = SuperHeroesTests.xctest; sourceTree = BUILT_PRODUCTS_DIR; };
		59F115732472BA530037B6EE /* SuperHeroesTests.swift */ = {isa = PBXFileReference; lastKnownFileType = sourcecode.swift; path = SuperHeroesTests.swift; sourceTree = "<group>"; };
		59F115752472BA530037B6EE /* Info.plist */ = {isa = PBXFileReference; lastKnownFileType = text.plist.xml; path = Info.plist; sourceTree = "<group>"; };
		59F1157B2472BB130037B6EE /* MarvelRestClientParserTests.swift */ = {isa = PBXFileReference; lastKnownFileType = sourcecode.swift; path = MarvelRestClientParserTests.swift; sourceTree = "<group>"; };
		722A7D12CE13E8656A6E7A1C /* Pods_SuperHeroes.framework */ = {isa = PBXFileReference; explicitFileType = wrapper.framework; includeInIndex = 0; path = Pods_SuperHeroes.framework; sourceTree = BUILT_PRODUCTS_DIR; };
		E54D02716403F067568E0906 /* Pods-SuperHeroes.debug.xcconfig */ = {isa = PBXFileReference; includeInIndex = 1; lastKnownFileType = text.xcconfig; name = "Pods-SuperHeroes.debug.xcconfig"; path = "Pods/Target Support Files/Pods-SuperHeroes/Pods-SuperHeroes.debug.xcconfig"; sourceTree = "<group>"; };
/* End PBXFileReference section */

/* Begin PBXFrameworksBuildPhase section */
		59762E8F2478041500E33CE7 /* Frameworks */ = {
			isa = PBXFrameworksBuildPhase;
			buildActionMask = 2147483647;
			files = (
			);
			runOnlyForDeploymentPostprocessing = 0;
		};
		59E8544C246D2E3400BECCB0 /* Frameworks */ = {
			isa = PBXFrameworksBuildPhase;
			buildActionMask = 2147483647;
			files = (
				47E9D30AD66B23B76B044E3D /* Pods_SuperHeroes.framework in Frameworks */,
			);
			runOnlyForDeploymentPostprocessing = 0;
		};
		59F1156E2472BA530037B6EE /* Frameworks */ = {
			isa = PBXFrameworksBuildPhase;
			buildActionMask = 2147483647;
			files = (
			);
			runOnlyForDeploymentPostprocessing = 0;
		};
/* End PBXFrameworksBuildPhase section */

/* Begin PBXGroup section */
		32597EEBC16F9F7D3FA3DBF3 /* Frameworks */ = {
			isa = PBXGroup;
			children = (
				722A7D12CE13E8656A6E7A1C /* Pods_SuperHeroes.framework */,
			);
			name = Frameworks;
			sourceTree = "<group>";
		};
		59762E932478041500E33CE7 /* SuperHeroesUITests */ = {
			isa = PBXGroup;
			children = (
				59D3D3EC24793F3F00B1BCDB /* Mocks */,
				59762E962478041500E33CE7 /* Info.plist */,
				59888A5F247933070096CF9C /* CharactersViewControllerTableViewUITest.swift */,
				59D3D3E624793AFE00B1BCDB /* CharactersViewControllerTableViewSelectUITest.swift */,
				59D3D3E824793B9200B1BCDB /* CharactersViewControllerTableViewCellLabelUITest.swift */,
				59D3D3EA24793BFA00B1BCDB /* CharactersViewControllerTableViewCellImageUITest.swift */,
				59D3D3EF2479480400B1BCDB /* CharacterDescriptionViewControllerUITest.swift */,
				59D3D3F124795A1900B1BCDB /* CharacterDescriptionViewControllerImageUITest.swift */,
				59D3D3F324795AFF00B1BCDB /* CharacterDescriptionViewControllerTextContainerUITest.swift */,
			);
			path = SuperHeroesUITests;
			sourceTree = "<group>";
		};
		598984302473A38E00B7B338 /* Mocks */ = {
			isa = PBXGroup;
			children = (
				598984372473B6A300B7B338 /* MockMarvelRestClient.swift */,
				598984462473FAC000B7B338 /* PagedCharacterResponse+Extension.swift */,
				598984482473FCEB00B7B338 /* Stubbable.swift */,
				59076D7624757B3E00A457B4 /* MockCharactersViewModel.swift */,
				59D3D3FF247961E600B1BCDB /* MockCharacterDescriptionViewControllerViewModel.swift */,
			);
			path = Mocks;
			sourceTree = "<group>";
		};
		59D3D3EC24793F3F00B1BCDB /* Mocks */ = {
			isa = PBXGroup;
			children = (
				59D3D3ED24793F5D00B1BCDB /* XCUIApplication+Extensions.swift */,
			);
			path = Mocks;
			sourceTree = "<group>";
		};
		59E85446246D2E3400BECCB0 = {
			isa = PBXGroup;
			children = (
				59E85451246D2E3500BECCB0 /* SuperHeroes */,
				59F115722472BA530037B6EE /* SuperHeroesTests */,
				59762E932478041500E33CE7 /* SuperHeroesUITests */,
				59E85450246D2E3500BECCB0 /* Products */,
				D1AABFE4B65CEBBA062232FB /* Pods */,
				32597EEBC16F9F7D3FA3DBF3 /* Frameworks */,
			);
			sourceTree = "<group>";
		};
		59E85450246D2E3500BECCB0 /* Products */ = {
			isa = PBXGroup;
			children = (
				59E8544F246D2E3500BECCB0 /* SuperHeroes.app */,
				59F115712472BA530037B6EE /* SuperHeroesTests.xctest */,
				59762E922478041500E33CE7 /* SuperHeroesUITests.xctest */,
			);
			name = Products;
			sourceTree = "<group>";
		};
		59E85451246D2E3500BECCB0 /* SuperHeroes */ = {
			isa = PBXGroup;
			children = (
				59E8548E246D51F900BECCB0 /* Extensions */,
				59E8548B246D505800BECCB0 /* Constants */,
				59E85482246D3A2300BECCB0 /* Networking */,
				59E85469246D33EB00BECCB0 /* Controllers */,
				59E85468246D337500BECCB0 /* ViewModels */,
				59E85467246D336900BECCB0 /* Models */,
				59E85466246D335C00BECCB0 /* Views */,
				59E85452246D2E3500BECCB0 /* AppDelegate.swift */,
				59E85454246D2E3500BECCB0 /* SceneDelegate.swift */,
				59E8545B246D2E3500BECCB0 /* Assets.xcassets */,
				59E8545D246D2E3500BECCB0 /* LaunchScreen.storyboard */,
				59E85460246D2E3500BECCB0 /* Info.plist */,
			);
			path = SuperHeroes;
			sourceTree = "<group>";
		};
		59E85466246D335C00BECCB0 /* Views */ = {
			isa = PBXGroup;
			children = (
				59E85458246D2E3500BECCB0 /* Main.storyboard */,
				59E8546E246D368200BECCB0 /* CharacterTableViewCell.swift */,
			);
			path = Views;
			sourceTree = "<group>";
		};
		59E85467246D336900BECCB0 /* Models */ = {
			isa = PBXGroup;
			children = (
				59E85470246D37F900BECCB0 /* PagedCharacterResponse.swift */,
				59E85472246D383900BECCB0 /* DataClass.swift */,
				59E85474246D387200BECCB0 /* Result.swift */,
				59E85476246D38A200BECCB0 /* Comics.swift */,
				59E85478246D38E600BECCB0 /* Stories.swift */,
				59E8547A246D390000BECCB0 /* StoriesItem.swift */,
				59E8547C246D392000BECCB0 /* Thumbnail.swift */,
				59E8547E246D394D00BECCB0 /* URLElement.swift */,
				59E85480246D398300BECCB0 /* ComicsItem.swift */,
			);
			path = Models;
			sourceTree = "<group>";
		};
		59E85468246D337500BECCB0 /* ViewModels */ = {
			isa = PBXGroup;
			children = (
				59E854A5246D68CB00BECCB0 /* CharactersViewModel.swift */,
				59076D7024755E0500A457B4 /* CharactersViewControllerDataSource.swift */,
				59076D7224756D4500A457B4 /* CharactersViewControllerTableViewDelegate.swift */,
				59076D7424757AAA00A457B4 /* CharactersViewModelProtocol.swift */,
				59CE40202475DC34007EA5E3 /* CharactersViewControllerPrefetchDataSource.swift */,
				5982358D24764D0E0008308E /* CharacterViewControllerSearchResultsUpdating.swift */,
				59E98C13247729B7003B8329 /* CharacterDescriptionViewControllerViewModel.swift */,
				59D3D3FB2479610C00B1BCDB /* CharacterDescriptionViewControllerViewModelProtocol.swift */,
			);
			path = ViewModels;
			sourceTree = "<group>";
		};
		59E85469246D33EB00BECCB0 /* Controllers */ = {
			isa = PBXGroup;
			children = (
				59E8546C246D354500BECCB0 /* CharacterDescriptionViewController.swift */,
				59E854AF246D75BE00BECCB0 /* CharactersViewController.swift */,
			);
			path = Controllers;
			sourceTree = "<group>";
		};
		59E85482246D3A2300BECCB0 /* Networking */ = {
			isa = PBXGroup;
			children = (
				59E85483246D3A4400BECCB0 /* NetworkResult.swift */,
				59E85485246D3A7900BECCB0 /* NetworkResponseError.swift */,
				59E85487246D4F0A00BECCB0 /* EndPoint.swift */,
				59E85489246D4F5900BECCB0 /* Sorting.swift */,
				59E85493246D566B00BECCB0 /* MarvelRestClient.swift */,
				598984352473B5FF00B7B338 /* MarvelRestClientProtocol.swift */,
			);
			path = Networking;
			sourceTree = "<group>";
		};
		59E8548B246D505800BECCB0 /* Constants */ = {
			isa = PBXGroup;
			children = (
				59E8548C246D50C900BECCB0 /* ApiConstant.swift */,
				59E854AB246D725E00BECCB0 /* WallapopTheme.swift */,
			);
			path = Constants;
			sourceTree = "<group>";
		};
		59E8548E246D51F900BECCB0 /* Extensions */ = {
			isa = PBXGroup;
			children = (
				59E85491246D527200BECCB0 /* String+Extensions.swift */,
				59E85497246D5BE500BECCB0 /* HTTPURLResponse+Extensions.swift */,
				59E85499246D5CAB00BECCB0 /* DateFormater+Extension.swift */,
				59E8549D246D664B00BECCB0 /* ShowAlert.swift */,
				59010E1C247141640017A2C6 /* URL+Extension.swift */,
			);
			path = Extensions;
			sourceTree = "<group>";
		};
		59F115722472BA530037B6EE /* SuperHeroesTests */ = {
			isa = PBXGroup;
			children = (
				598984302473A38E00B7B338 /* Mocks */,
				59F115732472BA530037B6EE /* SuperHeroesTests.swift */,
				59F115752472BA530037B6EE /* Info.plist */,
				59F1157B2472BB130037B6EE /* MarvelRestClientParserTests.swift */,
				59076D6C2475418A00A457B4 /* CharactersViewControllerTests.swift */,
				59CE401A2475C63B007EA5E3 /* CharactersViewControllerDataSourceTest.swift */,
				5982359F2476A81B0008308E /* CharactersViewModelTest.swift */,
				593D398F24779DC30099EA69 /* CharacterDescriptionViewControllerTest.swift */,
			);
			path = SuperHeroesTests;
			sourceTree = "<group>";
		};
		D1AABFE4B65CEBBA062232FB /* Pods */ = {
			isa = PBXGroup;
			children = (
				E54D02716403F067568E0906 /* Pods-SuperHeroes.debug.xcconfig */,
				2261304F869FF6FA5A453634 /* Pods-SuperHeroes.release.xcconfig */,
			);
			name = Pods;
			sourceTree = "<group>";
		};
/* End PBXGroup section */

/* Begin PBXNativeTarget section */
		59762E912478041500E33CE7 /* SuperHeroesUITests */ = {
			isa = PBXNativeTarget;
			buildConfigurationList = 59762E992478041500E33CE7 /* Build configuration list for PBXNativeTarget "SuperHeroesUITests" */;
			buildPhases = (
				59762E8E2478041500E33CE7 /* Sources */,
				59762E8F2478041500E33CE7 /* Frameworks */,
				59762E902478041500E33CE7 /* Resources */,
			);
			buildRules = (
			);
			dependencies = (
				59762E982478041500E33CE7 /* PBXTargetDependency */,
			);
			name = SuperHeroesUITests;
			productName = SuperHeroesUITests;
			productReference = 59762E922478041500E33CE7 /* SuperHeroesUITests.xctest */;
			productType = "com.apple.product-type.bundle.ui-testing";
		};
		59E8544E246D2E3400BECCB0 /* SuperHeroes */ = {
			isa = PBXNativeTarget;
			buildConfigurationList = 59E85463246D2E3500BECCB0 /* Build configuration list for PBXNativeTarget "SuperHeroes" */;
			buildPhases = (
				702E7768F89A4BBD0444E6F1 /* [CP] Check Pods Manifest.lock */,
				59E8544B246D2E3400BECCB0 /* Sources */,
				59E8544C246D2E3400BECCB0 /* Frameworks */,
				59E8544D246D2E3400BECCB0 /* Resources */,
				275ED8E478B856B58A13A552 /* [CP] Embed Pods Frameworks */,
			);
			buildRules = (
			);
			dependencies = (
			);
			name = SuperHeroes;
			productName = SuperHeroes;
			productReference = 59E8544F246D2E3500BECCB0 /* SuperHeroes.app */;
			productType = "com.apple.product-type.application";
		};
		59F115702472BA530037B6EE /* SuperHeroesTests */ = {
			isa = PBXNativeTarget;
			buildConfigurationList = 59F115782472BA530037B6EE /* Build configuration list for PBXNativeTarget "SuperHeroesTests" */;
			buildPhases = (
				59F1156D2472BA530037B6EE /* Sources */,
				59F1156E2472BA530037B6EE /* Frameworks */,
				59F1156F2472BA530037B6EE /* Resources */,
			);
			buildRules = (
			);
			dependencies = (
				59F115772472BA530037B6EE /* PBXTargetDependency */,
			);
			name = SuperHeroesTests;
			productName = SuperHeroesTests;
			productReference = 59F115712472BA530037B6EE /* SuperHeroesTests.xctest */;
			productType = "com.apple.product-type.bundle.unit-test";
		};
/* End PBXNativeTarget section */

/* Begin PBXProject section */
		59E85447246D2E3400BECCB0 /* Project object */ = {
			isa = PBXProject;
			attributes = {
				LastSwiftUpdateCheck = 1130;
				LastUpgradeCheck = 1130;
				ORGANIZATIONNAME = teckdk;
				TargetAttributes = {
					59762E912478041500E33CE7 = {
						CreatedOnToolsVersion = 11.3;
						TestTargetID = 59E8544E246D2E3400BECCB0;
					};
					59E8544E246D2E3400BECCB0 = {
						CreatedOnToolsVersion = 11.3;
					};
					59F115702472BA530037B6EE = {
						CreatedOnToolsVersion = 11.3;
						TestTargetID = 59E8544E246D2E3400BECCB0;
					};
				};
			};
			buildConfigurationList = 59E8544A246D2E3400BECCB0 /* Build configuration list for PBXProject "SuperHeroes" */;
			compatibilityVersion = "Xcode 9.3";
			developmentRegion = en;
			hasScannedForEncodings = 0;
			knownRegions = (
				en,
				Base,
			);
			mainGroup = 59E85446246D2E3400BECCB0;
			productRefGroup = 59E85450246D2E3500BECCB0 /* Products */;
			projectDirPath = "";
			projectRoot = "";
			targets = (
				59E8544E246D2E3400BECCB0 /* SuperHeroes */,
				59F115702472BA530037B6EE /* SuperHeroesTests */,
				59762E912478041500E33CE7 /* SuperHeroesUITests */,
			);
		};
/* End PBXProject section */

/* Begin PBXResourcesBuildPhase section */
		59762E902478041500E33CE7 /* Resources */ = {
			isa = PBXResourcesBuildPhase;
			buildActionMask = 2147483647;
			files = (
			);
			runOnlyForDeploymentPostprocessing = 0;
		};
		59E8544D246D2E3400BECCB0 /* Resources */ = {
			isa = PBXResourcesBuildPhase;
			buildActionMask = 2147483647;
			files = (
				59E8545F246D2E3500BECCB0 /* LaunchScreen.storyboard in Resources */,
				59E8545C246D2E3500BECCB0 /* Assets.xcassets in Resources */,
				59E8545A246D2E3500BECCB0 /* Main.storyboard in Resources */,
			);
			runOnlyForDeploymentPostprocessing = 0;
		};
		59F1156F2472BA530037B6EE /* Resources */ = {
			isa = PBXResourcesBuildPhase;
			buildActionMask = 2147483647;
			files = (
			);
			runOnlyForDeploymentPostprocessing = 0;
		};
/* End PBXResourcesBuildPhase section */

/* Begin PBXShellScriptBuildPhase section */
		275ED8E478B856B58A13A552 /* [CP] Embed Pods Frameworks */ = {
			isa = PBXShellScriptBuildPhase;
			buildActionMask = 2147483647;
			files = (
			);
			inputFileListPaths = (
			);
			inputPaths = (
				"${SRCROOT}/Pods/Target Support Files/Pods-SuperHeroes/Pods-SuperHeroes-frameworks.sh",
				"${BUILT_PRODUCTS_DIR}/Kingfisher/Kingfisher.framework",
			);
			name = "[CP] Embed Pods Frameworks";
			outputFileListPaths = (
			);
			outputPaths = (
				"${TARGET_BUILD_DIR}/${FRAMEWORKS_FOLDER_PATH}/Kingfisher.framework",
			);
			runOnlyForDeploymentPostprocessing = 0;
			shellPath = /bin/sh;
			shellScript = "\"${SRCROOT}/Pods/Target Support Files/Pods-SuperHeroes/Pods-SuperHeroes-frameworks.sh\"\n";
			showEnvVarsInLog = 0;
		};
		702E7768F89A4BBD0444E6F1 /* [CP] Check Pods Manifest.lock */ = {
			isa = PBXShellScriptBuildPhase;
			buildActionMask = 2147483647;
			files = (
			);
			inputFileListPaths = (
			);
			inputPaths = (
				"${PODS_PODFILE_DIR_PATH}/Podfile.lock",
				"${PODS_ROOT}/Manifest.lock",
			);
			name = "[CP] Check Pods Manifest.lock";
			outputFileListPaths = (
			);
			outputPaths = (
				"$(DERIVED_FILE_DIR)/Pods-SuperHeroes-checkManifestLockResult.txt",
			);
			runOnlyForDeploymentPostprocessing = 0;
			shellPath = /bin/sh;
			shellScript = "diff \"${PODS_PODFILE_DIR_PATH}/Podfile.lock\" \"${PODS_ROOT}/Manifest.lock\" > /dev/null\nif [ $? != 0 ] ; then\n    # print error to STDERR\n    echo \"error: The sandbox is not in sync with the Podfile.lock. Run 'pod install' or update your CocoaPods installation.\" >&2\n    exit 1\nfi\n# This output is used by Xcode 'outputs' to avoid re-running this script phase.\necho \"SUCCESS\" > \"${SCRIPT_OUTPUT_FILE_0}\"\n";
			showEnvVarsInLog = 0;
		};
/* End PBXShellScriptBuildPhase section */

/* Begin PBXSourcesBuildPhase section */
		59762E8E2478041500E33CE7 /* Sources */ = {
			isa = PBXSourcesBuildPhase;
			buildActionMask = 2147483647;
			files = (
				59D3D3E724793AFE00B1BCDB /* CharactersViewControllerTableViewSelectUITest.swift in Sources */,
				59D3D3EE24793F5D00B1BCDB /* XCUIApplication+Extensions.swift in Sources */,
				59D3D3F224795A1900B1BCDB /* CharacterDescriptionViewControllerImageUITest.swift in Sources */,
				59D3D3E924793B9200B1BCDB /* CharactersViewControllerTableViewCellLabelUITest.swift in Sources */,
				59D3D3F424795AFF00B1BCDB /* CharacterDescriptionViewControllerTextContainerUITest.swift in Sources */,
				59D3D3EB24793BFA00B1BCDB /* CharactersViewControllerTableViewCellImageUITest.swift in Sources */,
				59888A60247933070096CF9C /* CharactersViewControllerTableViewUITest.swift in Sources */,
				59D3D3F02479480400B1BCDB /* CharacterDescriptionViewControllerUITest.swift in Sources */,
			);
			runOnlyForDeploymentPostprocessing = 0;
		};
		59E8544B246D2E3400BECCB0 /* Sources */ = {
			isa = PBXSourcesBuildPhase;
			buildActionMask = 2147483647;
			files = (
				59E8549E246D664B00BECCB0 /* ShowAlert.swift in Sources */,
				59076D7324756D4500A457B4 /* CharactersViewControllerTableViewDelegate.swift in Sources */,
				59E8547B246D390000BECCB0 /* StoriesItem.swift in Sources */,
				59E85492246D527200BECCB0 /* String+Extensions.swift in Sources */,
				59E85475246D387200BECCB0 /* Result.swift in Sources */,
				59E85471246D37F900BECCB0 /* PagedCharacterResponse.swift in Sources */,
				59CE40212475DC34007EA5E3 /* CharactersViewControllerPrefetchDataSource.swift in Sources */,
				59E8549A246D5CAB00BECCB0 /* DateFormater+Extension.swift in Sources */,
				59E8547F246D394D00BECCB0 /* URLElement.swift in Sources */,
				59E854B0246D75BE00BECCB0 /* CharactersViewController.swift in Sources */,
				59E854A6246D68CB00BECCB0 /* CharactersViewModel.swift in Sources */,
				59E85498246D5BE500BECCB0 /* HTTPURLResponse+Extensions.swift in Sources */,
				59E98C14247729B7003B8329 /* CharacterDescriptionViewControllerViewModel.swift in Sources */,
				59E85481246D398300BECCB0 /* ComicsItem.swift in Sources */,
				59076D7524757AAA00A457B4 /* CharactersViewModelProtocol.swift in Sources */,
				59E85473246D383900BECCB0 /* DataClass.swift in Sources */,
				598984362473B5FF00B7B338 /* MarvelRestClientProtocol.swift in Sources */,
				59E85484246D3A4400BECCB0 /* NetworkResult.swift in Sources */,
				59E8548D246D50C900BECCB0 /* ApiConstant.swift in Sources */,
				59E8547D246D392000BECCB0 /* Thumbnail.swift in Sources */,
				59E85479246D38E600BECCB0 /* Stories.swift in Sources */,
				5982358E24764D0E0008308E /* CharacterViewControllerSearchResultsUpdating.swift in Sources */,
				59E85494246D566B00BECCB0 /* MarvelRestClient.swift in Sources */,
				59E85477246D38A200BECCB0 /* Comics.swift in Sources */,
				59E8548A246D4F5900BECCB0 /* Sorting.swift in Sources */,
				59076D7124755E0500A457B4 /* CharactersViewControllerDataSource.swift in Sources */,
				59E85488246D4F0A00BECCB0 /* EndPoint.swift in Sources */,
				59E8546D246D354500BECCB0 /* CharacterDescriptionViewController.swift in Sources */,
				59E85486246D3A7900BECCB0 /* NetworkResponseError.swift in Sources */,
				59010E1D247141640017A2C6 /* URL+Extension.swift in Sources */,
				59E85453246D2E3500BECCB0 /* AppDelegate.swift in Sources */,
				59D3D3FC2479610C00B1BCDB /* CharacterDescriptionViewControllerViewModelProtocol.swift in Sources */,
				59E85455246D2E3500BECCB0 /* SceneDelegate.swift in Sources */,
				59E8546F246D368200BECCB0 /* CharacterTableViewCell.swift in Sources */,
				59E854AC246D725E00BECCB0 /* WallapopTheme.swift in Sources */,
			);
			runOnlyForDeploymentPostprocessing = 0;
		};
		59F1156D2472BA530037B6EE /* Sources */ = {
			isa = PBXSourcesBuildPhase;
			buildActionMask = 2147483647;
			files = (
				598235A02476A81B0008308E /* CharactersViewModelTest.swift in Sources */,
				59D3D400247961E600B1BCDB /* MockCharacterDescriptionViewControllerViewModel.swift in Sources */,
				598984492473FCEB00B7B338 /* Stubbable.swift in Sources */,
				59CE401B2475C63B007EA5E3 /* CharactersViewControllerDataSourceTest.swift in Sources */,
				593D399024779DC30099EA69 /* CharacterDescriptionViewControllerTest.swift in Sources */,
				598984382473B6A300B7B338 /* MockMarvelRestClient.swift in Sources */,
				59F1157C2472BB130037B6EE /* MarvelRestClientParserTests.swift in Sources */,
				598984472473FAC000B7B338 /* PagedCharacterResponse+Extension.swift in Sources */,
				59076D6D2475418A00A457B4 /* CharactersViewControllerTests.swift in Sources */,
				59076D7724757B3E00A457B4 /* MockCharactersViewModel.swift in Sources */,
				59F115742472BA530037B6EE /* SuperHeroesTests.swift in Sources */,
			);
			runOnlyForDeploymentPostprocessing = 0;
		};
/* End PBXSourcesBuildPhase section */

/* Begin PBXTargetDependency section */
		59762E982478041500E33CE7 /* PBXTargetDependency */ = {
			isa = PBXTargetDependency;
			target = 59E8544E246D2E3400BECCB0 /* SuperHeroes */;
			targetProxy = 59762E972478041500E33CE7 /* PBXContainerItemProxy */;
		};
		59F115772472BA530037B6EE /* PBXTargetDependency */ = {
			isa = PBXTargetDependency;
			target = 59E8544E246D2E3400BECCB0 /* SuperHeroes */;
			targetProxy = 59F115762472BA530037B6EE /* PBXContainerItemProxy */;
		};
/* End PBXTargetDependency section */

/* Begin PBXVariantGroup section */
		59E85458246D2E3500BECCB0 /* Main.storyboard */ = {
			isa = PBXVariantGroup;
			children = (
				59E85459246D2E3500BECCB0 /* Base */,
			);
			name = Main.storyboard;
			sourceTree = "<group>";
		};
		59E8545D246D2E3500BECCB0 /* LaunchScreen.storyboard */ = {
			isa = PBXVariantGroup;
			children = (
				59E8545E246D2E3500BECCB0 /* Base */,
			);
			name = LaunchScreen.storyboard;
			sourceTree = "<group>";
		};
/* End PBXVariantGroup section */

/* Begin XCBuildConfiguration section */
		59762E9A2478041500E33CE7 /* Debug */ = {
			isa = XCBuildConfiguration;
			buildSettings = {
				CODE_SIGN_STYLE = Automatic;
				DEVELOPMENT_TEAM = 579JAP9YP6;
				INFOPLIST_FILE = SuperHeroesUITests/Info.plist;
				LD_RUNPATH_SEARCH_PATHS = (
					"$(inherited)",
					"@executable_path/Frameworks",
					"@loader_path/Frameworks",
				);
				PRODUCT_BUNDLE_IDENTIFIER = com.teckdk.SuperHeroesUITests;
				PRODUCT_NAME = "$(TARGET_NAME)";
				SWIFT_VERSION = 5.0;
				TARGETED_DEVICE_FAMILY = "1,2";
				TEST_TARGET_NAME = SuperHeroes;
			};
			name = Debug;
		};
		59762E9B2478041500E33CE7 /* Release */ = {
			isa = XCBuildConfiguration;
			buildSettings = {
				CODE_SIGN_STYLE = Automatic;
				DEVELOPMENT_TEAM = 579JAP9YP6;
				INFOPLIST_FILE = SuperHeroesUITests/Info.plist;
				LD_RUNPATH_SEARCH_PATHS = (
					"$(inherited)",
					"@executable_path/Frameworks",
					"@loader_path/Frameworks",
				);
				PRODUCT_BUNDLE_IDENTIFIER = com.teckdk.SuperHeroesUITests;
				PRODUCT_NAME = "$(TARGET_NAME)";
				SWIFT_VERSION = 5.0;
				TARGETED_DEVICE_FAMILY = "1,2";
				TEST_TARGET_NAME = SuperHeroes;
			};
			name = Release;
		};
		59E85461246D2E3500BECCB0 /* Debug */ = {
			isa = XCBuildConfiguration;
			buildSettings = {
				ALWAYS_SEARCH_USER_PATHS = NO;
				CLANG_ANALYZER_NONNULL = YES;
				CLANG_ANALYZER_NUMBER_OBJECT_CONVERSION = YES_AGGRESSIVE;
				CLANG_CXX_LANGUAGE_STANDARD = "gnu++14";
				CLANG_CXX_LIBRARY = "libc++";
				CLANG_ENABLE_MODULES = YES;
				CLANG_ENABLE_OBJC_ARC = YES;
				CLANG_ENABLE_OBJC_WEAK = YES;
				CLANG_WARN_BLOCK_CAPTURE_AUTORELEASING = YES;
				CLANG_WARN_BOOL_CONVERSION = YES;
				CLANG_WARN_COMMA = YES;
				CLANG_WARN_CONSTANT_CONVERSION = YES;
				CLANG_WARN_DEPRECATED_OBJC_IMPLEMENTATIONS = YES;
				CLANG_WARN_DIRECT_OBJC_ISA_USAGE = YES_ERROR;
				CLANG_WARN_DOCUMENTATION_COMMENTS = YES;
				CLANG_WARN_EMPTY_BODY = YES;
				CLANG_WARN_ENUM_CONVERSION = YES;
				CLANG_WARN_INFINITE_RECURSION = YES;
				CLANG_WARN_INT_CONVERSION = YES;
				CLANG_WARN_NON_LITERAL_NULL_CONVERSION = YES;
				CLANG_WARN_OBJC_IMPLICIT_RETAIN_SELF = YES;
				CLANG_WARN_OBJC_LITERAL_CONVERSION = YES;
				CLANG_WARN_OBJC_ROOT_CLASS = YES_ERROR;
				CLANG_WARN_RANGE_LOOP_ANALYSIS = YES;
				CLANG_WARN_STRICT_PROTOTYPES = YES;
				CLANG_WARN_SUSPICIOUS_MOVE = YES;
				CLANG_WARN_UNGUARDED_AVAILABILITY = YES_AGGRESSIVE;
				CLANG_WARN_UNREACHABLE_CODE = YES;
				CLANG_WARN__DUPLICATE_METHOD_MATCH = YES;
				COPY_PHASE_STRIP = NO;
				DEBUG_INFORMATION_FORMAT = dwarf;
				ENABLE_STRICT_OBJC_MSGSEND = YES;
				ENABLE_TESTABILITY = YES;
				GCC_C_LANGUAGE_STANDARD = gnu11;
				GCC_DYNAMIC_NO_PIC = NO;
				GCC_NO_COMMON_BLOCKS = YES;
				GCC_OPTIMIZATION_LEVEL = 0;
				GCC_PREPROCESSOR_DEFINITIONS = (
					"DEBUG=1",
					"$(inherited)",
				);
				GCC_WARN_64_TO_32_BIT_CONVERSION = YES;
				GCC_WARN_ABOUT_RETURN_TYPE = YES_ERROR;
				GCC_WARN_UNDECLARED_SELECTOR = YES;
				GCC_WARN_UNINITIALIZED_AUTOS = YES_AGGRESSIVE;
				GCC_WARN_UNUSED_FUNCTION = YES;
				GCC_WARN_UNUSED_VARIABLE = YES;
				IPHONEOS_DEPLOYMENT_TARGET = 13.2;
				MTL_ENABLE_DEBUG_INFO = INCLUDE_SOURCE;
				MTL_FAST_MATH = YES;
				ONLY_ACTIVE_ARCH = YES;
				SDKROOT = iphoneos;
				SWIFT_ACTIVE_COMPILATION_CONDITIONS = DEBUG;
				SWIFT_OPTIMIZATION_LEVEL = "-Onone";
			};
			name = Debug;
		};
		59E85462246D2E3500BECCB0 /* Release */ = {
			isa = XCBuildConfiguration;
			buildSettings = {
				ALWAYS_SEARCH_USER_PATHS = NO;
				CLANG_ANALYZER_NONNULL = YES;
				CLANG_ANALYZER_NUMBER_OBJECT_CONVERSION = YES_AGGRESSIVE;
				CLANG_CXX_LANGUAGE_STANDARD = "gnu++14";
				CLANG_CXX_LIBRARY = "libc++";
				CLANG_ENABLE_MODULES = YES;
				CLANG_ENABLE_OBJC_ARC = YES;
				CLANG_ENABLE_OBJC_WEAK = YES;
				CLANG_WARN_BLOCK_CAPTURE_AUTORELEASING = YES;
				CLANG_WARN_BOOL_CONVERSION = YES;
				CLANG_WARN_COMMA = YES;
				CLANG_WARN_CONSTANT_CONVERSION = YES;
				CLANG_WARN_DEPRECATED_OBJC_IMPLEMENTATIONS = YES;
				CLANG_WARN_DIRECT_OBJC_ISA_USAGE = YES_ERROR;
				CLANG_WARN_DOCUMENTATION_COMMENTS = YES;
				CLANG_WARN_EMPTY_BODY = YES;
				CLANG_WARN_ENUM_CONVERSION = YES;
				CLANG_WARN_INFINITE_RECURSION = YES;
				CLANG_WARN_INT_CONVERSION = YES;
				CLANG_WARN_NON_LITERAL_NULL_CONVERSION = YES;
				CLANG_WARN_OBJC_IMPLICIT_RETAIN_SELF = YES;
				CLANG_WARN_OBJC_LITERAL_CONVERSION = YES;
				CLANG_WARN_OBJC_ROOT_CLASS = YES_ERROR;
				CLANG_WARN_RANGE_LOOP_ANALYSIS = YES;
				CLANG_WARN_STRICT_PROTOTYPES = YES;
				CLANG_WARN_SUSPICIOUS_MOVE = YES;
				CLANG_WARN_UNGUARDED_AVAILABILITY = YES_AGGRESSIVE;
				CLANG_WARN_UNREACHABLE_CODE = YES;
				CLANG_WARN__DUPLICATE_METHOD_MATCH = YES;
				COPY_PHASE_STRIP = NO;
				DEBUG_INFORMATION_FORMAT = "dwarf-with-dsym";
				ENABLE_NS_ASSERTIONS = NO;
				ENABLE_STRICT_OBJC_MSGSEND = YES;
				GCC_C_LANGUAGE_STANDARD = gnu11;
				GCC_NO_COMMON_BLOCKS = YES;
				GCC_WARN_64_TO_32_BIT_CONVERSION = YES;
				GCC_WARN_ABOUT_RETURN_TYPE = YES_ERROR;
				GCC_WARN_UNDECLARED_SELECTOR = YES;
				GCC_WARN_UNINITIALIZED_AUTOS = YES_AGGRESSIVE;
				GCC_WARN_UNUSED_FUNCTION = YES;
				GCC_WARN_UNUSED_VARIABLE = YES;
				IPHONEOS_DEPLOYMENT_TARGET = 13.2;
				MTL_ENABLE_DEBUG_INFO = NO;
				MTL_FAST_MATH = YES;
				SDKROOT = iphoneos;
				SWIFT_COMPILATION_MODE = wholemodule;
				SWIFT_OPTIMIZATION_LEVEL = "-O";
				VALIDATE_PRODUCT = YES;
			};
			name = Release;
		};
		59E85464246D2E3500BECCB0 /* Debug */ = {
			isa = XCBuildConfiguration;
			baseConfigurationReference = E54D02716403F067568E0906 /* Pods-SuperHeroes.debug.xcconfig */;
			buildSettings = {
				ASSETCATALOG_COMPILER_APPICON_NAME = AppIcon;
				CODE_SIGN_STYLE = Automatic;
				DEVELOPMENT_TEAM = 579JAP9YP6;
				INFOPLIST_FILE = SuperHeroes/Info.plist;
				LD_RUNPATH_SEARCH_PATHS = (
					"$(inherited)",
					"@executable_path/Frameworks",
				);
				PRODUCT_BUNDLE_IDENTIFIER = com.teckdk.SuperHeroes;
				PRODUCT_NAME = "$(TARGET_NAME)";
				SWIFT_VERSION = 5.0;
				TARGETED_DEVICE_FAMILY = "1,2";
			};
			name = Debug;
		};
		59E85465246D2E3500BECCB0 /* Release */ = {
			isa = XCBuildConfiguration;
			baseConfigurationReference = 2261304F869FF6FA5A453634 /* Pods-SuperHeroes.release.xcconfig */;
			buildSettings = {
				ASSETCATALOG_COMPILER_APPICON_NAME = AppIcon;
				CODE_SIGN_STYLE = Automatic;
				DEVELOPMENT_TEAM = 579JAP9YP6;
				INFOPLIST_FILE = SuperHeroes/Info.plist;
				LD_RUNPATH_SEARCH_PATHS = (
					"$(inherited)",
					"@executable_path/Frameworks",
				);
				PRODUCT_BUNDLE_IDENTIFIER = com.teckdk.SuperHeroes;
				PRODUCT_NAME = "$(TARGET_NAME)";
				SWIFT_VERSION = 5.0;
				TARGETED_DEVICE_FAMILY = "1,2";
			};
			name = Release;
		};
		59F115792472BA530037B6EE /* Debug */ = {
			isa = XCBuildConfiguration;
			buildSettings = {
				BUNDLE_LOADER = "$(TEST_HOST)";
				CODE_SIGN_STYLE = Automatic;
				DEVELOPMENT_TEAM = 579JAP9YP6;
				INFOPLIST_FILE = SuperHeroesTests/Info.plist;
				LD_RUNPATH_SEARCH_PATHS = (
					"$(inherited)",
					"@executable_path/Frameworks",
					"@loader_path/Frameworks",
				);
				PRODUCT_BUNDLE_IDENTIFIER = com.teckdk.SuperHeroesTests;
				PRODUCT_NAME = "$(TARGET_NAME)";
				SWIFT_VERSION = 5.0;
				TARGETED_DEVICE_FAMILY = "1,2";
				TEST_HOST = "$(BUILT_PRODUCTS_DIR)/SuperHeroes.app/SuperHeroes";
			};
			name = Debug;
		};
		59F1157A2472BA530037B6EE /* Release */ = {
			isa = XCBuildConfiguration;
			buildSettings = {
				BUNDLE_LOADER = "$(TEST_HOST)";
				CODE_SIGN_STYLE = Automatic;
				DEVELOPMENT_TEAM = 579JAP9YP6;
				INFOPLIST_FILE = SuperHeroesTests/Info.plist;
				LD_RUNPATH_SEARCH_PATHS = (
					"$(inherited)",
					"@executable_path/Frameworks",
					"@loader_path/Frameworks",
				);
				PRODUCT_BUNDLE_IDENTIFIER = com.teckdk.SuperHeroesTests;
				PRODUCT_NAME = "$(TARGET_NAME)";
				SWIFT_VERSION = 5.0;
				TARGETED_DEVICE_FAMILY = "1,2";
				TEST_HOST = "$(BUILT_PRODUCTS_DIR)/SuperHeroes.app/SuperHeroes";
			};
			name = Release;
		};
/* End XCBuildConfiguration section */

/* Begin XCConfigurationList section */
		59762E992478041500E33CE7 /* Build configuration list for PBXNativeTarget "SuperHeroesUITests" */ = {
			isa = XCConfigurationList;
			buildConfigurations = (
				59762E9A2478041500E33CE7 /* Debug */,
				59762E9B2478041500E33CE7 /* Release */,
			);
			defaultConfigurationIsVisible = 0;
			defaultConfigurationName = Release;
		};
		59E8544A246D2E3400BECCB0 /* Build configuration list for PBXProject "SuperHeroes" */ = {
			isa = XCConfigurationList;
			buildConfigurations = (
				59E85461246D2E3500BECCB0 /* Debug */,
				59E85462246D2E3500BECCB0 /* Release */,
			);
			defaultConfigurationIsVisible = 0;
			defaultConfigurationName = Release;
		};
		59E85463246D2E3500BECCB0 /* Build configuration list for PBXNativeTarget "SuperHeroes" */ = {
			isa = XCConfigurationList;
			buildConfigurations = (
				59E85464246D2E3500BECCB0 /* Debug */,
				59E85465246D2E3500BECCB0 /* Release */,
			);
			defaultConfigurationIsVisible = 0;
			defaultConfigurationName = Release;
		};
		59F115782472BA530037B6EE /* Build configuration list for PBXNativeTarget "SuperHeroesTests" */ = {
			isa = XCConfigurationList;
			buildConfigurations = (
				59F115792472BA530037B6EE /* Debug */,
				59F1157A2472BA530037B6EE /* Release */,
			);
			defaultConfigurationIsVisible = 0;
			defaultConfigurationName = Release;
		};
/* End XCConfigurationList section */
	};
	rootObject = 59E85447246D2E3400BECCB0 /* Project object */;
}
